PODS:
  - AlgebraEvaluator (0.2.1)
  - iosMath (0.9.4)
  - PromisesObjC (1.2.8)
  - PromisesSwift (1.2.8):
    - PromisesObjC (= 1.2.8)
  - RxCocoa (5.0.0):
    - RxRelay (~> 5)
    - RxSwift (~> 5)
  - RxRelay (5.0.0):
    - RxSwift (~> 5)
  - RxSwift (5.0.0)
  - SignedNumberRecognizer (0.1.0):
    - TensorFlowLiteSwift
  - TensorFlowLiteC (0.2.0)
  - TensorFlowLiteSwift (0.2.0):
    - TensorFlowLiteC (= 0.2.0)

DEPENDENCIES:
  - AlgebraEvaluator (~> 0.2.1)
  - iosMath (from `https://github.com/kostub/iosMath`, commit `e9b6ec66911089ca0673dd0034715652e71420c9`)
  - PromisesSwift
  - RxCocoa (~> 5)
  - RxSwift (~> 5)
  - SignedNumberRecognizer
  - TensorFlowLiteSwift

SPEC REPOS:
  https://github.com/cocoapods/specs.git:
    - AlgebraEvaluator
    - PromisesObjC
    - PromisesSwift
    - RxCocoa
    - RxRelay
    - RxSwift
    - SignedNumberRecognizer
    - TensorFlowLiteC
    - TensorFlowLiteSwift

EXTERNAL SOURCES:
  iosMath:
    :commit: e9b6ec66911089ca0673dd0034715652e71420c9
    :git: https://github.com/kostub/iosMath

CHECKOUT OPTIONS:
  iosMath:
    :commit: e9b6ec66911089ca0673dd0034715652e71420c9
    :git: https://github.com/kostub/iosMath

SPEC CHECKSUMS:
  AlgebraEvaluator: 49428cc33435dab2e1d433afcfdd8c50df8b1500
  iosMath: f7a6cbadf9d836d2149c2a84c435b1effc244cba
  PromisesObjC: c119f3cd559f50b7ae681fa59dc1acd19173b7e6
  PromisesSwift: 37bad6f4daddb02f7c9c531efe91e8b21c13ee2f
  RxCocoa: fcf32050ac00d801f34a7f71d5e8e7f23026dcd8
  RxRelay: 4f7409406a51a55cd88483f21ed898c234d60f18
  RxSwift: 8b0671caa829a763bbce7271095859121cbd895f
  SignedNumberRecognizer: 66d876fa234b5cc2dc8e29a0fce03e393da471a2
  TensorFlowLiteC: c90ae90f5d8194e3c66518e576f53cf4c1e7f42b
  TensorFlowLiteSwift: 2499b9629744d0962de7340b53746d1f46f59096

PODFILE CHECKSUM: c7f6de602c09635a7aecdd4eb7fd4712636c07b0

COCOAPODS: 1.7.1
