PODS:
  - iosMath (0.9.4)
  - PromisesObjC (1.2.8)
  - PromisesSwift (1.2.8):
    - PromisesObjC (= 1.2.8)
  - RxCocoa (5.0.0):
    - RxRelay (~> 5)
    - RxSwift (~> 5)
  - RxRelay (5.0.0):
    - RxSwift (~> 5)
  - RxSwift (5.0.0)

DEPENDENCIES:
  - iosMath (from `https://github.com/kostub/iosMath`, commit `e9b6ec66911089ca0673dd0034715652e71420c9`)
  - PromisesSwift
  - RxCocoa (~> 5)
  - RxSwift (~> 5)

SPEC REPOS:
  https://github.com/cocoapods/specs.git:
    - PromisesObjC
    - PromisesSwift
    - RxCocoa
    - RxRelay
    - RxSwift

EXTERNAL SOURCES:
  iosMath:
    :commit: e9b6ec66911089ca0673dd0034715652e71420c9
    :git: https://github.com/kostub/iosMath

CHECKOUT OPTIONS:
  iosMath:
    :commit: e9b6ec66911089ca0673dd0034715652e71420c9
    :git: https://github.com/kostub/iosMath

SPEC CHECKSUMS:
  iosMath: f7a6cbadf9d836d2149c2a84c435b1effc244cba
  PromisesObjC: c119f3cd559f50b7ae681fa59dc1acd19173b7e6
  PromisesSwift: 37bad6f4daddb02f7c9c531efe91e8b21c13ee2f
  RxCocoa: fcf32050ac00d801f34a7f71d5e8e7f23026dcd8
  RxRelay: 4f7409406a51a55cd88483f21ed898c234d60f18
  RxSwift: 8b0671caa829a763bbce7271095859121cbd895f

PODFILE CHECKSUM: 8b901f55854477b60eea22ddf0ccc7dfb5154655

COCOAPODS: 1.7.1
