PODS:
  - EasyTipView (2.0.4)
  - iosMath (0.9.4)
  - PromisesObjC (1.2.9)
  - PromisesSwift (1.2.9):
    - PromisesObjC (= 1.2.9)
  - RxCocoa (5.1.1):
    - RxRelay (~> 5)
    - RxSwift (~> 5)
  - RxRelay (5.1.1):
    - RxSwift (~> 5)
  - RxSwift (5.1.1)
  - SignedNumberRecognizer (0.1.1):
    - PromisesSwift
    - TensorFlowLiteSwift
  - TensorFlowLiteC (2.2.0)
  - TensorFlowLiteSwift (2.2.0):
    - TensorFlowLiteC (= 2.2.0)

DEPENDENCIES:
  - EasyTipView (~> 2.0.4)
  - iosMath
  - PromisesSwift
  - RxCocoa (~> 5)
  - RxSwift (~> 5)
  - SignedNumberRecognizer
  - TensorFlowLiteSwift

SPEC REPOS:
  trunk:
    - EasyTipView
    - iosMath
    - PromisesObjC
    - PromisesSwift
    - RxCocoa
    - RxRelay
    - RxSwift
    - SignedNumberRecognizer
    - TensorFlowLiteC
    - TensorFlowLiteSwift

SPEC CHECKSUMS:
  EasyTipView: 4f8beae0a82db2ca4a9b5fd658785fc5f61d296b
  iosMath: f7a6cbadf9d836d2149c2a84c435b1effc244cba
  PromisesObjC: b48e0338dbbac2207e611750777895f7a5811b75
  PromisesSwift: 991ad88e9851c45410d6697d1fe5df88fd3deb08
  RxCocoa: 32065309a38d29b5b0db858819b5bf9ef038b601
  RxRelay: d77f7d771495f43c556cbc43eebd1bb54d01e8e9
  RxSwift: 81470a2074fa8780320ea5fe4102807cb7118178
  SignedNumberRecognizer: e0932e033172ee98eb7947d922577ca0c44e017a
  TensorFlowLiteC: b3ab9e867b0b71052ca102a32a786555b330b02e
  TensorFlowLiteSwift: 2dd5e9c895e1819501f0fba3d8b69a536bda6c65

PODFILE CHECKSUM: 3a89b33d8fead1126bf207ce5c97532dff8f5f6e

COCOAPODS: 1.8.4
