{
  "object": {
    "pins": [
      {
        "package": "ComplexMatrixAlgebra",
        "repositoryURL": "https://github.com/ingun37/ComplexMatrixAlgebra",
        "state": {
          "branch": null,
          "revision": "e265a17380d2578fc9c120eee5c9d9341db33097",
          "version": "2.0.13"
        }
      },
      {
        "package": "lexiFreeMonoid",
        "repositoryURL": "https://github.com/ingun37/lexiFreeMonoid.git",
        "state": {
          "branch": null,
          "revision": "b9798e783ba4fff6e6560bcf01b4c3e48c804385",
          "version": "1.1.0"
        }
      },
      {
        "package": "Regex",
        "repositoryURL": "https://github.com/crossroadlabs/Regex.git",
        "state": {
          "branch": null,
          "revision": "166728756082a9cac6e4aed3ebbce8e41cb3a945",
          "version": "1.2.0"
        }
      },
      {
        "package": "ReSwift",
        "repositoryURL": "https://github.com/ReSwift/ReSwift.git",
        "state": {
          "branch": null,
          "revision": "b92762b5aa85c5e94053d942fbd37124ee939e5b",
          "version": "5.0.0"
        }
      },
      {
        "package": "NonEmpty",
        "repositoryURL": "https://github.com/pointfreeco/swift-nonempty",
        "state": {
          "branch": null,
          "revision": "9ef8c4aea57b8da7fedd5303d29470ea2a00c08d",
          "version": "0.2.2"
        }
      },
      {
        "package": "NumberKit",
        "repositoryURL": "https://github.com/objecthub/swift-numberkit",
        "state": {
          "branch": null,
          "revision": "a29903f82329df499e0a422f7c4824f9093e5df8",
          "version": "2.3.7"
        }
      },
      {
        "package": "SwiftGraph",
        "repositoryURL": "https://github.com/davecom/SwiftGraph",
        "state": {
          "branch": null,
          "revision": "3e9ed26e380b40fcadf80ef5d588829ced251673",
          "version": "3.0.0"
        }
      }
    ]
  },
  "version": 1
}
