{
  "object": {
    "pins": [
      {
        "package": "ExpressiveAlgebra",
        "repositoryURL": "https://github.com/ingun37/ExpressiveAlgebra.git",
        "state": {
          "branch": null,
          "revision": "51b735dc71d3f59a7e4e08ef9211804396828fee",
          "version": "1.1.4"
        }
      },
      {
        "package": "lexiFreeMonoid",
        "repositoryURL": "https://github.com/ingun37/lexiFreeMonoid.git",
        "state": {
          "branch": null,
          "revision": "b9798e783ba4fff6e6560bcf01b4c3e48c804385",
          "version": "1.1.0"
        }
      },
      {
        "package": "Nimble",
        "repositoryURL": "https://github.com/Quick/Nimble.git",
        "state": {
          "branch": null,
          "revision": "e9d769113660769a4d9dd3afb855562c0b7ae7b0",
          "version": "7.3.4"
        }
      },
      {
        "package": "Quick",
        "repositoryURL": "https://github.com/Quick/Quick.git",
        "state": {
          "branch": null,
          "revision": "f2b5a06440ea87eba1a167cab37bf6496646c52e",
          "version": "1.3.4"
        }
      },
      {
        "package": "Regex",
        "repositoryURL": "https://github.com/crossroadlabs/Regex.git",
        "state": {
          "branch": null,
          "revision": "166728756082a9cac6e4aed3ebbce8e41cb3a945",
          "version": "1.2.0"
        }
      },
      {
        "package": "NumberKit",
        "repositoryURL": "https://github.com/objecthub/swift-numberkit.git",
        "state": {
          "branch": null,
          "revision": "ebb6c284b3fed8bbe2bd105bb8e41537f75bc950",
          "version": "2.3.2"
        }
      }
    ]
  },
  "version": 1
}
