// !$*UTF8*$!
{
	archiveVersion = 1;
	classes = {
	};
	objectVersion = 50;
	objects = {

/* Begin PBXBuildFile section */
		467A0A7FDE46E36247439742 /* Pods_mat4ipadUITests.framework in Frameworks */ = {isa = PBXBuildFile; fileRef = 95799D30292970263F20A7CA /* Pods_mat4ipadUITests.framework */; };
		634E1F238BA32D76347A4ACA /* Pods_mat4ipadTests.framework in Frameworks */ = {isa = PBXBuildFile; fileRef = 3BDD30F8584A45D9A093FB7E /* Pods_mat4ipadTests.framework */; };
		6B2F5C1F229E4F8800A634B3 /* Exp.swift in Sources */ = {isa = PBXBuildFile; fileRef = 6B2F5C1E229E4F8800A634B3 /* Exp.swift */; };
		6B2F5C27229E64DC00A634B3 /* ExpTreeView.swift in Sources */ = {isa = PBXBuildFile; fileRef = 6B2F5C26229E64DC00A634B3 /* ExpTreeView.swift */; };
		6B2F5C2D229E6E5000A634B3 /* ExpTreeView.xib in Resources */ = {isa = PBXBuildFile; fileRef = 6B2F5C2C229E6E5000A634B3 /* ExpTreeView.xib */; };
		6B2F5C2F229E939500A634B3 /* ApplyTableVC.swift in Sources */ = {isa = PBXBuildFile; fileRef = 6B2F5C2E229E939500A634B3 /* ApplyTableVC.swift */; };
		6BBE5BA1229D9A77006A56D8 /* AppDelegate.swift in Sources */ = {isa = PBXBuildFile; fileRef = 6BBE5BA0229D9A77006A56D8 /* AppDelegate.swift */; };
		6BBE5BA3229D9A77006A56D8 /* ViewController.swift in Sources */ = {isa = PBXBuildFile; fileRef = 6BBE5BA2229D9A77006A56D8 /* ViewController.swift */; };
		6BBE5BA6229D9A77006A56D8 /* Main.storyboard in Resources */ = {isa = PBXBuildFile; fileRef = 6BBE5BA4229D9A77006A56D8 /* Main.storyboard */; };
		6BBE5BA8229D9A77006A56D8 /* Assets.xcassets in Resources */ = {isa = PBXBuildFile; fileRef = 6BBE5BA7229D9A77006A56D8 /* Assets.xcassets */; };
		6BBE5BAB229D9A77006A56D8 /* LaunchScreen.storyboard in Resources */ = {isa = PBXBuildFile; fileRef = 6BBE5BA9229D9A77006A56D8 /* LaunchScreen.storyboard */; };
		6BBE5BB6229D9A77006A56D8 /* mat4ipadTests.swift in Sources */ = {isa = PBXBuildFile; fileRef = 6BBE5BB5229D9A77006A56D8 /* mat4ipadTests.swift */; };
		6BBE5BC1229D9A77006A56D8 /* mat4ipadUITests.swift in Sources */ = {isa = PBXBuildFile; fileRef = 6BBE5BC0229D9A77006A56D8 /* mat4ipadUITests.swift */; };
		F14B9F209542616905EC0C20 /* Pods_mat4ipad.framework in Frameworks */ = {isa = PBXBuildFile; fileRef = FBCDAA1D25335F34931D38BA /* Pods_mat4ipad.framework */; };
/* End PBXBuildFile section */

/* Begin PBXContainerItemProxy section */
		6BBE5BB2229D9A77006A56D8 /* PBXContainerItemProxy */ = {
			isa = PBXContainerItemProxy;
			containerPortal = 6BBE5B95229D9A77006A56D8 /* Project object */;
			proxyType = 1;
			remoteGlobalIDString = 6BBE5B9C229D9A77006A56D8;
			remoteInfo = mat4ipad;
		};
		6BBE5BBD229D9A77006A56D8 /* PBXContainerItemProxy */ = {
			isa = PBXContainerItemProxy;
			containerPortal = 6BBE5B95229D9A77006A56D8 /* Project object */;
			proxyType = 1;
			remoteGlobalIDString = 6BBE5B9C229D9A77006A56D8;
			remoteInfo = mat4ipad;
		};
/* End PBXContainerItemProxy section */

/* Begin PBXFileReference section */
		088EE4861E82F28AFFFFA4C6 /* Pods-mat4ipadTests.debug.xcconfig */ = {isa = PBXFileReference; includeInIndex = 1; lastKnownFileType = text.xcconfig; name = "Pods-mat4ipadTests.debug.xcconfig"; path = "Pods/Target Support Files/Pods-mat4ipadTests/Pods-mat4ipadTests.debug.xcconfig"; sourceTree = "<group>"; };
		3BDD30F8584A45D9A093FB7E /* Pods_mat4ipadTests.framework */ = {isa = PBXFileReference; explicitFileType = wrapper.framework; includeInIndex = 0; path = Pods_mat4ipadTests.framework; sourceTree = BUILT_PRODUCTS_DIR; };
		3EA47F067355FCA462DE0329 /* Pods-mat4ipadTests.release.xcconfig */ = {isa = PBXFileReference; includeInIndex = 1; lastKnownFileType = text.xcconfig; name = "Pods-mat4ipadTests.release.xcconfig"; path = "Pods/Target Support Files/Pods-mat4ipadTests/Pods-mat4ipadTests.release.xcconfig"; sourceTree = "<group>"; };
		6B2F5C1E229E4F8800A634B3 /* Exp.swift */ = {isa = PBXFileReference; lastKnownFileType = sourcecode.swift; path = Exp.swift; sourceTree = "<group>"; };
		6B2F5C26229E64DC00A634B3 /* ExpTreeView.swift */ = {isa = PBXFileReference; lastKnownFileType = sourcecode.swift; path = ExpTreeView.swift; sourceTree = "<group>"; };
		6B2F5C2C229E6E5000A634B3 /* ExpTreeView.xib */ = {isa = PBXFileReference; lastKnownFileType = file.xib; path = ExpTreeView.xib; sourceTree = "<group>"; };
		6B2F5C2E229E939500A634B3 /* ApplyTableVC.swift */ = {isa = PBXFileReference; lastKnownFileType = sourcecode.swift; path = ApplyTableVC.swift; sourceTree = "<group>"; };
		6BBE5B9D229D9A77006A56D8 /* mat4ipad.app */ = {isa = PBXFileReference; explicitFileType = wrapper.application; includeInIndex = 0; path = mat4ipad.app; sourceTree = BUILT_PRODUCTS_DIR; };
		6BBE5BA0229D9A77006A56D8 /* AppDelegate.swift */ = {isa = PBXFileReference; lastKnownFileType = sourcecode.swift; path = AppDelegate.swift; sourceTree = "<group>"; };
		6BBE5BA2229D9A77006A56D8 /* ViewController.swift */ = {isa = PBXFileReference; lastKnownFileType = sourcecode.swift; path = ViewController.swift; sourceTree = "<group>"; };
		6BBE5BA5229D9A77006A56D8 /* Base */ = {isa = PBXFileReference; lastKnownFileType = file.storyboard; name = Base; path = Base.lproj/Main.storyboard; sourceTree = "<group>"; };
		6BBE5BA7229D9A77006A56D8 /* Assets.xcassets */ = {isa = PBXFileReference; lastKnownFileType = folder.assetcatalog; path = Assets.xcassets; sourceTree = "<group>"; };
		6BBE5BAA229D9A77006A56D8 /* Base */ = {isa = PBXFileReference; lastKnownFileType = file.storyboard; name = Base; path = Base.lproj/LaunchScreen.storyboard; sourceTree = "<group>"; };
		6BBE5BAC229D9A77006A56D8 /* Info.plist */ = {isa = PBXFileReference; lastKnownFileType = text.plist.xml; path = Info.plist; sourceTree = "<group>"; };
		6BBE5BB1229D9A77006A56D8 /* mat4ipadTests.xctest */ = {isa = PBXFileReference; explicitFileType = wrapper.cfbundle; includeInIndex = 0; path = mat4ipadTests.xctest; sourceTree = BUILT_PRODUCTS_DIR; };
		6BBE5BB5229D9A77006A56D8 /* mat4ipadTests.swift */ = {isa = PBXFileReference; lastKnownFileType = sourcecode.swift; path = mat4ipadTests.swift; sourceTree = "<group>"; };
		6BBE5BB7229D9A77006A56D8 /* Info.plist */ = {isa = PBXFileReference; lastKnownFileType = text.plist.xml; path = Info.plist; sourceTree = "<group>"; };
		6BBE5BBC229D9A77006A56D8 /* mat4ipadUITests.xctest */ = {isa = PBXFileReference; explicitFileType = wrapper.cfbundle; includeInIndex = 0; path = mat4ipadUITests.xctest; sourceTree = BUILT_PRODUCTS_DIR; };
		6BBE5BC0229D9A77006A56D8 /* mat4ipadUITests.swift */ = {isa = PBXFileReference; lastKnownFileType = sourcecode.swift; path = mat4ipadUITests.swift; sourceTree = "<group>"; };
		6BBE5BC2229D9A77006A56D8 /* Info.plist */ = {isa = PBXFileReference; lastKnownFileType = text.plist.xml; path = Info.plist; sourceTree = "<group>"; };
		6BBE5BCE229E292F006A56D8 /* Podfile */ = {isa = PBXFileReference; lastKnownFileType = text; path = Podfile; sourceTree = "<group>"; xcLanguageSpecificationIdentifier = xcode.lang.ruby; };
		6F24F6C796DEEA6B97B096B5 /* Pods-mat4ipadUITests.release.xcconfig */ = {isa = PBXFileReference; includeInIndex = 1; lastKnownFileType = text.xcconfig; name = "Pods-mat4ipadUITests.release.xcconfig"; path = "Pods/Target Support Files/Pods-mat4ipadUITests/Pods-mat4ipadUITests.release.xcconfig"; sourceTree = "<group>"; };
		95799D30292970263F20A7CA /* Pods_mat4ipadUITests.framework */ = {isa = PBXFileReference; explicitFileType = wrapper.framework; includeInIndex = 0; path = Pods_mat4ipadUITests.framework; sourceTree = BUILT_PRODUCTS_DIR; };
		B41F4B3CD988DD2058B939AA /* Pods-mat4ipad.release.xcconfig */ = {isa = PBXFileReference; includeInIndex = 1; lastKnownFileType = text.xcconfig; name = "Pods-mat4ipad.release.xcconfig"; path = "Pods/Target Support Files/Pods-mat4ipad/Pods-mat4ipad.release.xcconfig"; sourceTree = "<group>"; };
		DC2D3D3B3EBA5A0D265670A4 /* Pods-mat4ipadUITests.debug.xcconfig */ = {isa = PBXFileReference; includeInIndex = 1; lastKnownFileType = text.xcconfig; name = "Pods-mat4ipadUITests.debug.xcconfig"; path = "Pods/Target Support Files/Pods-mat4ipadUITests/Pods-mat4ipadUITests.debug.xcconfig"; sourceTree = "<group>"; };
		FBB48FC5F417416D6BF0F102 /* Pods-mat4ipad.debug.xcconfig */ = {isa = PBXFileReference; includeInIndex = 1; lastKnownFileType = text.xcconfig; name = "Pods-mat4ipad.debug.xcconfig"; path = "Pods/Target Support Files/Pods-mat4ipad/Pods-mat4ipad.debug.xcconfig"; sourceTree = "<group>"; };
		FBCDAA1D25335F34931D38BA /* Pods_mat4ipad.framework */ = {isa = PBXFileReference; explicitFileType = wrapper.framework; includeInIndex = 0; path = Pods_mat4ipad.framework; sourceTree = BUILT_PRODUCTS_DIR; };
/* End PBXFileReference section */

/* Begin PBXFrameworksBuildPhase section */
		6BBE5B9A229D9A77006A56D8 /* Frameworks */ = {
			isa = PBXFrameworksBuildPhase;
			buildActionMask = 2147483647;
			files = (
				F14B9F209542616905EC0C20 /* Pods_mat4ipad.framework in Frameworks */,
			);
			runOnlyForDeploymentPostprocessing = 0;
		};
		6BBE5BAE229D9A77006A56D8 /* Frameworks */ = {
			isa = PBXFrameworksBuildPhase;
			buildActionMask = 2147483647;
			files = (
				634E1F238BA32D76347A4ACA /* Pods_mat4ipadTests.framework in Frameworks */,
			);
			runOnlyForDeploymentPostprocessing = 0;
		};
		6BBE5BB9229D9A77006A56D8 /* Frameworks */ = {
			isa = PBXFrameworksBuildPhase;
			buildActionMask = 2147483647;
			files = (
				467A0A7FDE46E36247439742 /* Pods_mat4ipadUITests.framework in Frameworks */,
			);
			runOnlyForDeploymentPostprocessing = 0;
		};
/* End PBXFrameworksBuildPhase section */

/* Begin PBXGroup section */
		4189016C0A43300C160C279C /* Pods */ = {
			isa = PBXGroup;
			children = (
				FBB48FC5F417416D6BF0F102 /* Pods-mat4ipad.debug.xcconfig */,
				B41F4B3CD988DD2058B939AA /* Pods-mat4ipad.release.xcconfig */,
				088EE4861E82F28AFFFFA4C6 /* Pods-mat4ipadTests.debug.xcconfig */,
				3EA47F067355FCA462DE0329 /* Pods-mat4ipadTests.release.xcconfig */,
				DC2D3D3B3EBA5A0D265670A4 /* Pods-mat4ipadUITests.debug.xcconfig */,
				6F24F6C796DEEA6B97B096B5 /* Pods-mat4ipadUITests.release.xcconfig */,
			);
			name = Pods;
			sourceTree = "<group>";
		};
		6BBE5B94229D9A77006A56D8 = {
			isa = PBXGroup;
			children = (
				6BBE5BCE229E292F006A56D8 /* Podfile */,
				6BBE5B9F229D9A77006A56D8 /* mat4ipad */,
				6BBE5BB4229D9A77006A56D8 /* mat4ipadTests */,
				6BBE5BBF229D9A77006A56D8 /* mat4ipadUITests */,
				6BBE5B9E229D9A77006A56D8 /* Products */,
				4189016C0A43300C160C279C /* Pods */,
				BDAE78E91BAF97DD9F10D151 /* Frameworks */,
			);
			sourceTree = "<group>";
		};
		6BBE5B9E229D9A77006A56D8 /* Products */ = {
			isa = PBXGroup;
			children = (
				6BBE5B9D229D9A77006A56D8 /* mat4ipad.app */,
				6BBE5BB1229D9A77006A56D8 /* mat4ipadTests.xctest */,
				6BBE5BBC229D9A77006A56D8 /* mat4ipadUITests.xctest */,
			);
			name = Products;
			sourceTree = "<group>";
		};
		6BBE5B9F229D9A77006A56D8 /* mat4ipad */ = {
			isa = PBXGroup;
			children = (
				6BBE5BA0229D9A77006A56D8 /* AppDelegate.swift */,
				6BBE5BA2229D9A77006A56D8 /* ViewController.swift */,
				6B2F5C1E229E4F8800A634B3 /* Exp.swift */,
				6BBE5BA4229D9A77006A56D8 /* Main.storyboard */,
				6B2F5C26229E64DC00A634B3 /* ExpTreeView.swift */,
				6B2F5C2E229E939500A634B3 /* ApplyTableVC.swift */,
				6B2F5C2C229E6E5000A634B3 /* ExpTreeView.xib */,
				6BBE5BA7229D9A77006A56D8 /* Assets.xcassets */,
				6BBE5BA9229D9A77006A56D8 /* LaunchScreen.storyboard */,
				6BBE5BAC229D9A77006A56D8 /* Info.plist */,
			);
			path = mat4ipad;
			sourceTree = "<group>";
		};
		6BBE5BB4229D9A77006A56D8 /* mat4ipadTests */ = {
			isa = PBXGroup;
			children = (
				6BBE5BB5229D9A77006A56D8 /* mat4ipadTests.swift */,
				6BBE5BB7229D9A77006A56D8 /* Info.plist */,
			);
			path = mat4ipadTests;
			sourceTree = "<group>";
		};
		6BBE5BBF229D9A77006A56D8 /* mat4ipadUITests */ = {
			isa = PBXGroup;
			children = (
				6BBE5BC0229D9A77006A56D8 /* mat4ipadUITests.swift */,
				6BBE5BC2229D9A77006A56D8 /* Info.plist */,
			);
			path = mat4ipadUITests;
			sourceTree = "<group>";
		};
		BDAE78E91BAF97DD9F10D151 /* Frameworks */ = {
			isa = PBXGroup;
			children = (
				FBCDAA1D25335F34931D38BA /* Pods_mat4ipad.framework */,
				3BDD30F8584A45D9A093FB7E /* Pods_mat4ipadTests.framework */,
				95799D30292970263F20A7CA /* Pods_mat4ipadUITests.framework */,
			);
			name = Frameworks;
			sourceTree = "<group>";
		};
/* End PBXGroup section */

/* Begin PBXNativeTarget section */
		6BBE5B9C229D9A77006A56D8 /* mat4ipad */ = {
			isa = PBXNativeTarget;
			buildConfigurationList = 6BBE5BC5229D9A77006A56D8 /* Build configuration list for PBXNativeTarget "mat4ipad" */;
			buildPhases = (
				C825BE6A4255F56AC0F5EFD2 /* [CP] Check Pods Manifest.lock */,
				6BBE5B99229D9A77006A56D8 /* Sources */,
				6BBE5B9A229D9A77006A56D8 /* Frameworks */,
				6BBE5B9B229D9A77006A56D8 /* Resources */,
				3FB74C3448C13DF983083D27 /* [CP] Embed Pods Frameworks */,
			);
			buildRules = (
			);
			dependencies = (
			);
			name = mat4ipad;
			productName = mat4ipad;
			productReference = 6BBE5B9D229D9A77006A56D8 /* mat4ipad.app */;
			productType = "com.apple.product-type.application";
		};
		6BBE5BB0229D9A77006A56D8 /* mat4ipadTests */ = {
			isa = PBXNativeTarget;
			buildConfigurationList = 6BBE5BC8229D9A77006A56D8 /* Build configuration list for PBXNativeTarget "mat4ipadTests" */;
			buildPhases = (
				DA66DAFAAF72A4D3D5308B0C /* [CP] Check Pods Manifest.lock */,
				6BBE5BAD229D9A77006A56D8 /* Sources */,
				6BBE5BAE229D9A77006A56D8 /* Frameworks */,
				6BBE5BAF229D9A77006A56D8 /* Resources */,
			);
			buildRules = (
			);
			dependencies = (
				6BBE5BB3229D9A77006A56D8 /* PBXTargetDependency */,
			);
			name = mat4ipadTests;
			productName = mat4ipadTests;
			productReference = 6BBE5BB1229D9A77006A56D8 /* mat4ipadTests.xctest */;
			productType = "com.apple.product-type.bundle.unit-test";
		};
		6BBE5BBB229D9A77006A56D8 /* mat4ipadUITests */ = {
			isa = PBXNativeTarget;
			buildConfigurationList = 6BBE5BCB229D9A77006A56D8 /* Build configuration list for PBXNativeTarget "mat4ipadUITests" */;
			buildPhases = (
				195DF3225A0D3E8B9031A066 /* [CP] Check Pods Manifest.lock */,
				6BBE5BB8229D9A77006A56D8 /* Sources */,
				6BBE5BB9229D9A77006A56D8 /* Frameworks */,
				6BBE5BBA229D9A77006A56D8 /* Resources */,
			);
			buildRules = (
			);
			dependencies = (
				6BBE5BBE229D9A77006A56D8 /* PBXTargetDependency */,
			);
			name = mat4ipadUITests;
			productName = mat4ipadUITests;
			productReference = 6BBE5BBC229D9A77006A56D8 /* mat4ipadUITests.xctest */;
			productType = "com.apple.product-type.bundle.ui-testing";
		};
/* End PBXNativeTarget section */

/* Begin PBXProject section */
		6BBE5B95229D9A77006A56D8 /* Project object */ = {
			isa = PBXProject;
			attributes = {
				LastSwiftUpdateCheck = 1020;
				LastUpgradeCheck = 1020;
				ORGANIZATIONNAME = ingun37;
				TargetAttributes = {
					6BBE5B9C229D9A77006A56D8 = {
						CreatedOnToolsVersion = 10.2.1;
					};
					6BBE5BB0229D9A77006A56D8 = {
						CreatedOnToolsVersion = 10.2.1;
						TestTargetID = 6BBE5B9C229D9A77006A56D8;
					};
					6BBE5BBB229D9A77006A56D8 = {
						CreatedOnToolsVersion = 10.2.1;
						TestTargetID = 6BBE5B9C229D9A77006A56D8;
					};
				};
			};
			buildConfigurationList = 6BBE5B98229D9A77006A56D8 /* Build configuration list for PBXProject "mat4ipad" */;
			compatibilityVersion = "Xcode 9.3";
			developmentRegion = en;
			hasScannedForEncodings = 0;
			knownRegions = (
				en,
				Base,
			);
			mainGroup = 6BBE5B94229D9A77006A56D8;
			productRefGroup = 6BBE5B9E229D9A77006A56D8 /* Products */;
			projectDirPath = "";
			projectRoot = "";
			targets = (
				6BBE5B9C229D9A77006A56D8 /* mat4ipad */,
				6BBE5BB0229D9A77006A56D8 /* mat4ipadTests */,
				6BBE5BBB229D9A77006A56D8 /* mat4ipadUITests */,
			);
		};
/* End PBXProject section */

/* Begin PBXResourcesBuildPhase section */
		6BBE5B9B229D9A77006A56D8 /* Resources */ = {
			isa = PBXResourcesBuildPhase;
			buildActionMask = 2147483647;
			files = (
				6B2F5C2D229E6E5000A634B3 /* ExpTreeView.xib in Resources */,
				6BBE5BAB229D9A77006A56D8 /* LaunchScreen.storyboard in Resources */,
				6BBE5BA8229D9A77006A56D8 /* Assets.xcassets in Resources */,
				6BBE5BA6229D9A77006A56D8 /* Main.storyboard in Resources */,
			);
			runOnlyForDeploymentPostprocessing = 0;
		};
		6BBE5BAF229D9A77006A56D8 /* Resources */ = {
			isa = PBXResourcesBuildPhase;
			buildActionMask = 2147483647;
			files = (
			);
			runOnlyForDeploymentPostprocessing = 0;
		};
		6BBE5BBA229D9A77006A56D8 /* Resources */ = {
			isa = PBXResourcesBuildPhase;
			buildActionMask = 2147483647;
			files = (
			);
			runOnlyForDeploymentPostprocessing = 0;
		};
/* End PBXResourcesBuildPhase section */

/* Begin PBXShellScriptBuildPhase section */
		195DF3225A0D3E8B9031A066 /* [CP] Check Pods Manifest.lock */ = {
			isa = PBXShellScriptBuildPhase;
			buildActionMask = 2147483647;
			files = (
			);
			inputPaths = (
				"${PODS_PODFILE_DIR_PATH}/Podfile.lock",
				"${PODS_ROOT}/Manifest.lock",
			);
			name = "[CP] Check Pods Manifest.lock";
			outputPaths = (
				"$(DERIVED_FILE_DIR)/Pods-mat4ipadUITests-checkManifestLockResult.txt",
			);
			runOnlyForDeploymentPostprocessing = 0;
			shellPath = /bin/sh;
			shellScript = "diff \"${PODS_PODFILE_DIR_PATH}/Podfile.lock\" \"${PODS_ROOT}/Manifest.lock\" > /dev/null\nif [ $? != 0 ] ; then\n    # print error to STDERR\n    echo \"error: The sandbox is not in sync with the Podfile.lock. Run 'pod install' or update your CocoaPods installation.\" >&2\n    exit 1\nfi\n# This output is used by Xcode 'outputs' to avoid re-running this script phase.\necho \"SUCCESS\" > \"${SCRIPT_OUTPUT_FILE_0}\"\n";
			showEnvVarsInLog = 0;
		};
		3FB74C3448C13DF983083D27 /* [CP] Embed Pods Frameworks */ = {
			isa = PBXShellScriptBuildPhase;
			buildActionMask = 2147483647;
			files = (
			);
			inputFileListPaths = (
				"${PODS_ROOT}/Target Support Files/Pods-mat4ipad/Pods-mat4ipad-frameworks-${CONFIGURATION}-input-files.xcfilelist",
			);
			name = "[CP] Embed Pods Frameworks";
			outputFileListPaths = (
				"${PODS_ROOT}/Target Support Files/Pods-mat4ipad/Pods-mat4ipad-frameworks-${CONFIGURATION}-output-files.xcfilelist",
			);
			runOnlyForDeploymentPostprocessing = 0;
			shellPath = /bin/sh;
			shellScript = "\"${PODS_ROOT}/Target Support Files/Pods-mat4ipad/Pods-mat4ipad-frameworks.sh\"\n";
			showEnvVarsInLog = 0;
		};
		C825BE6A4255F56AC0F5EFD2 /* [CP] Check Pods Manifest.lock */ = {
			isa = PBXShellScriptBuildPhase;
			buildActionMask = 2147483647;
			files = (
			);
			inputPaths = (
				"${PODS_PODFILE_DIR_PATH}/Podfile.lock",
				"${PODS_ROOT}/Manifest.lock",
			);
			name = "[CP] Check Pods Manifest.lock";
			outputPaths = (
				"$(DERIVED_FILE_DIR)/Pods-mat4ipad-checkManifestLockResult.txt",
			);
			runOnlyForDeploymentPostprocessing = 0;
			shellPath = /bin/sh;
			shellScript = "diff \"${PODS_PODFILE_DIR_PATH}/Podfile.lock\" \"${PODS_ROOT}/Manifest.lock\" > /dev/null\nif [ $? != 0 ] ; then\n    # print error to STDERR\n    echo \"error: The sandbox is not in sync with the Podfile.lock. Run 'pod install' or update your CocoaPods installation.\" >&2\n    exit 1\nfi\n# This output is used by Xcode 'outputs' to avoid re-running this script phase.\necho \"SUCCESS\" > \"${SCRIPT_OUTPUT_FILE_0}\"\n";
			showEnvVarsInLog = 0;
		};
		DA66DAFAAF72A4D3D5308B0C /* [CP] Check Pods Manifest.lock */ = {
			isa = PBXShellScriptBuildPhase;
			buildActionMask = 2147483647;
			files = (
			);
			inputPaths = (
				"${PODS_PODFILE_DIR_PATH}/Podfile.lock",
				"${PODS_ROOT}/Manifest.lock",
			);
			name = "[CP] Check Pods Manifest.lock";
			outputPaths = (
				"$(DERIVED_FILE_DIR)/Pods-mat4ipadTests-checkManifestLockResult.txt",
			);
			runOnlyForDeploymentPostprocessing = 0;
			shellPath = /bin/sh;
			shellScript = "diff \"${PODS_PODFILE_DIR_PATH}/Podfile.lock\" \"${PODS_ROOT}/Manifest.lock\" > /dev/null\nif [ $? != 0 ] ; then\n    # print error to STDERR\n    echo \"error: The sandbox is not in sync with the Podfile.lock. Run 'pod install' or update your CocoaPods installation.\" >&2\n    exit 1\nfi\n# This output is used by Xcode 'outputs' to avoid re-running this script phase.\necho \"SUCCESS\" > \"${SCRIPT_OUTPUT_FILE_0}\"\n";
			showEnvVarsInLog = 0;
		};
/* End PBXShellScriptBuildPhase section */

/* Begin PBXSourcesBuildPhase section */
		6BBE5B99229D9A77006A56D8 /* Sources */ = {
			isa = PBXSourcesBuildPhase;
			buildActionMask = 2147483647;
			files = (
				6B2F5C27229E64DC00A634B3 /* ExpTreeView.swift in Sources */,
				6BBE5BA3229D9A77006A56D8 /* ViewController.swift in Sources */,
				6BBE5BA1229D9A77006A56D8 /* AppDelegate.swift in Sources */,
				6B2F5C2F229E939500A634B3 /* ApplyTableVC.swift in Sources */,
				6B2F5C1F229E4F8800A634B3 /* Exp.swift in Sources */,
			);
			runOnlyForDeploymentPostprocessing = 0;
		};
		6BBE5BAD229D9A77006A56D8 /* Sources */ = {
			isa = PBXSourcesBuildPhase;
			buildActionMask = 2147483647;
			files = (
				6BBE5BB6229D9A77006A56D8 /* mat4ipadTests.swift in Sources */,
			);
			runOnlyForDeploymentPostprocessing = 0;
		};
		6BBE5BB8229D9A77006A56D8 /* Sources */ = {
			isa = PBXSourcesBuildPhase;
			buildActionMask = 2147483647;
			files = (
				6BBE5BC1229D9A77006A56D8 /* mat4ipadUITests.swift in Sources */,
			);
			runOnlyForDeploymentPostprocessing = 0;
		};
/* End PBXSourcesBuildPhase section */

/* Begin PBXTargetDependency section */
		6BBE5BB3229D9A77006A56D8 /* PBXTargetDependency */ = {
			isa = PBXTargetDependency;
			target = 6BBE5B9C229D9A77006A56D8 /* mat4ipad */;
			targetProxy = 6BBE5BB2229D9A77006A56D8 /* PBXContainerItemProxy */;
		};
		6BBE5BBE229D9A77006A56D8 /* PBXTargetDependency */ = {
			isa = PBXTargetDependency;
			target = 6BBE5B9C229D9A77006A56D8 /* mat4ipad */;
			targetProxy = 6BBE5BBD229D9A77006A56D8 /* PBXContainerItemProxy */;
		};
/* End PBXTargetDependency section */

/* Begin PBXVariantGroup section */
		6BBE5BA4229D9A77006A56D8 /* Main.storyboard */ = {
			isa = PBXVariantGroup;
			children = (
				6BBE5BA5229D9A77006A56D8 /* Base */,
			);
			name = Main.storyboard;
			sourceTree = "<group>";
		};
		6BBE5BA9229D9A77006A56D8 /* LaunchScreen.storyboard */ = {
			isa = PBXVariantGroup;
			children = (
				6BBE5BAA229D9A77006A56D8 /* Base */,
			);
			name = LaunchScreen.storyboard;
			sourceTree = "<group>";
		};
/* End PBXVariantGroup section */

/* Begin XCBuildConfiguration section */
		6BBE5BC3229D9A77006A56D8 /* Debug */ = {
			isa = XCBuildConfiguration;
			buildSettings = {
				ALWAYS_SEARCH_USER_PATHS = NO;
				CLANG_ANALYZER_NONNULL = YES;
				CLANG_ANALYZER_NUMBER_OBJECT_CONVERSION = YES_AGGRESSIVE;
				CLANG_CXX_LANGUAGE_STANDARD = "gnu++14";
				CLANG_CXX_LIBRARY = "libc++";
				CLANG_ENABLE_MODULES = YES;
				CLANG_ENABLE_OBJC_ARC = YES;
				CLANG_ENABLE_OBJC_WEAK = YES;
				CLANG_WARN_BLOCK_CAPTURE_AUTORELEASING = YES;
				CLANG_WARN_BOOL_CONVERSION = YES;
				CLANG_WARN_COMMA = YES;
				CLANG_WARN_CONSTANT_CONVERSION = YES;
				CLANG_WARN_DEPRECATED_OBJC_IMPLEMENTATIONS = YES;
				CLANG_WARN_DIRECT_OBJC_ISA_USAGE = YES_ERROR;
				CLANG_WARN_DOCUMENTATION_COMMENTS = YES;
				CLANG_WARN_EMPTY_BODY = YES;
				CLANG_WARN_ENUM_CONVERSION = YES;
				CLANG_WARN_INFINITE_RECURSION = YES;
				CLANG_WARN_INT_CONVERSION = YES;
				CLANG_WARN_NON_LITERAL_NULL_CONVERSION = YES;
				CLANG_WARN_OBJC_IMPLICIT_RETAIN_SELF = YES;
				CLANG_WARN_OBJC_LITERAL_CONVERSION = YES;
				CLANG_WARN_OBJC_ROOT_CLASS = YES_ERROR;
				CLANG_WARN_RANGE_LOOP_ANALYSIS = YES;
				CLANG_WARN_STRICT_PROTOTYPES = YES;
				CLANG_WARN_SUSPICIOUS_MOVE = YES;
				CLANG_WARN_UNGUARDED_AVAILABILITY = YES_AGGRESSIVE;
				CLANG_WARN_UNREACHABLE_CODE = YES;
				CLANG_WARN__DUPLICATE_METHOD_MATCH = YES;
				CODE_SIGN_IDENTITY = "iPhone Developer";
				COPY_PHASE_STRIP = NO;
				DEBUG_INFORMATION_FORMAT = dwarf;
				ENABLE_STRICT_OBJC_MSGSEND = YES;
				ENABLE_TESTABILITY = YES;
				GCC_C_LANGUAGE_STANDARD = gnu11;
				GCC_DYNAMIC_NO_PIC = NO;
				GCC_NO_COMMON_BLOCKS = YES;
				GCC_OPTIMIZATION_LEVEL = 0;
				GCC_PREPROCESSOR_DEFINITIONS = (
					"DEBUG=1",
					"$(inherited)",
				);
				GCC_WARN_64_TO_32_BIT_CONVERSION = YES;
				GCC_WARN_ABOUT_RETURN_TYPE = YES_ERROR;
				GCC_WARN_UNDECLARED_SELECTOR = YES;
				GCC_WARN_UNINITIALIZED_AUTOS = YES_AGGRESSIVE;
				GCC_WARN_UNUSED_FUNCTION = YES;
				GCC_WARN_UNUSED_VARIABLE = YES;
				IPHONEOS_DEPLOYMENT_TARGET = 12.2;
				MTL_ENABLE_DEBUG_INFO = INCLUDE_SOURCE;
				MTL_FAST_MATH = YES;
				ONLY_ACTIVE_ARCH = YES;
				SDKROOT = iphoneos;
				SWIFT_ACTIVE_COMPILATION_CONDITIONS = DEBUG;
				SWIFT_OPTIMIZATION_LEVEL = "-Onone";
			};
			name = Debug;
		};
		6BBE5BC4229D9A77006A56D8 /* Release */ = {
			isa = XCBuildConfiguration;
			buildSettings = {
				ALWAYS_SEARCH_USER_PATHS = NO;
				CLANG_ANALYZER_NONNULL = YES;
				CLANG_ANALYZER_NUMBER_OBJECT_CONVERSION = YES_AGGRESSIVE;
				CLANG_CXX_LANGUAGE_STANDARD = "gnu++14";
				CLANG_CXX_LIBRARY = "libc++";
				CLANG_ENABLE_MODULES = YES;
				CLANG_ENABLE_OBJC_ARC = YES;
				CLANG_ENABLE_OBJC_WEAK = YES;
				CLANG_WARN_BLOCK_CAPTURE_AUTORELEASING = YES;
				CLANG_WARN_BOOL_CONVERSION = YES;
				CLANG_WARN_COMMA = YES;
				CLANG_WARN_CONSTANT_CONVERSION = YES;
				CLANG_WARN_DEPRECATED_OBJC_IMPLEMENTATIONS = YES;
				CLANG_WARN_DIRECT_OBJC_ISA_USAGE = YES_ERROR;
				CLANG_WARN_DOCUMENTATION_COMMENTS = YES;
				CLANG_WARN_EMPTY_BODY = YES;
				CLANG_WARN_ENUM_CONVERSION = YES;
				CLANG_WARN_INFINITE_RECURSION = YES;
				CLANG_WARN_INT_CONVERSION = YES;
				CLANG_WARN_NON_LITERAL_NULL_CONVERSION = YES;
				CLANG_WARN_OBJC_IMPLICIT_RETAIN_SELF = YES;
				CLANG_WARN_OBJC_LITERAL_CONVERSION = YES;
				CLANG_WARN_OBJC_ROOT_CLASS = YES_ERROR;
				CLANG_WARN_RANGE_LOOP_ANALYSIS = YES;
				CLANG_WARN_STRICT_PROTOTYPES = YES;
				CLANG_WARN_SUSPICIOUS_MOVE = YES;
				CLANG_WARN_UNGUARDED_AVAILABILITY = YES_AGGRESSIVE;
				CLANG_WARN_UNREACHABLE_CODE = YES;
				CLANG_WARN__DUPLICATE_METHOD_MATCH = YES;
				CODE_SIGN_IDENTITY = "iPhone Developer";
				COPY_PHASE_STRIP = NO;
				DEBUG_INFORMATION_FORMAT = "dwarf-with-dsym";
				ENABLE_NS_ASSERTIONS = NO;
				ENABLE_STRICT_OBJC_MSGSEND = YES;
				GCC_C_LANGUAGE_STANDARD = gnu11;
				GCC_NO_COMMON_BLOCKS = YES;
				GCC_WARN_64_TO_32_BIT_CONVERSION = YES;
				GCC_WARN_ABOUT_RETURN_TYPE = YES_ERROR;
				GCC_WARN_UNDECLARED_SELECTOR = YES;
				GCC_WARN_UNINITIALIZED_AUTOS = YES_AGGRESSIVE;
				GCC_WARN_UNUSED_FUNCTION = YES;
				GCC_WARN_UNUSED_VARIABLE = YES;
				IPHONEOS_DEPLOYMENT_TARGET = 12.2;
				MTL_ENABLE_DEBUG_INFO = NO;
				MTL_FAST_MATH = YES;
				SDKROOT = iphoneos;
				SWIFT_COMPILATION_MODE = wholemodule;
				SWIFT_OPTIMIZATION_LEVEL = "-O";
				VALIDATE_PRODUCT = YES;
			};
			name = Release;
		};
		6BBE5BC6229D9A77006A56D8 /* Debug */ = {
			isa = XCBuildConfiguration;
			baseConfigurationReference = FBB48FC5F417416D6BF0F102 /* Pods-mat4ipad.debug.xcconfig */;
			buildSettings = {
				ASSETCATALOG_COMPILER_APPICON_NAME = AppIcon;
				CODE_SIGN_STYLE = Automatic;
				DEVELOPMENT_TEAM = 5P825H2NY5;
				INFOPLIST_FILE = mat4ipad/Info.plist;
				LD_RUNPATH_SEARCH_PATHS = (
					"$(inherited)",
					"@executable_path/Frameworks",
				);
				PRODUCT_BUNDLE_IDENTIFIER = ingun37.mat4ipad;
				PRODUCT_NAME = "$(TARGET_NAME)";
				SWIFT_VERSION = 5.0;
				TARGETED_DEVICE_FAMILY = "1,2";
			};
			name = Debug;
		};
		6BBE5BC7229D9A77006A56D8 /* Release */ = {
			isa = XCBuildConfiguration;
			baseConfigurationReference = B41F4B3CD988DD2058B939AA /* Pods-mat4ipad.release.xcconfig */;
			buildSettings = {
				ASSETCATALOG_COMPILER_APPICON_NAME = AppIcon;
				CODE_SIGN_STYLE = Automatic;
				DEVELOPMENT_TEAM = 5P825H2NY5;
				INFOPLIST_FILE = mat4ipad/Info.plist;
				LD_RUNPATH_SEARCH_PATHS = (
					"$(inherited)",
					"@executable_path/Frameworks",
				);
				PRODUCT_BUNDLE_IDENTIFIER = ingun37.mat4ipad;
				PRODUCT_NAME = "$(TARGET_NAME)";
				SWIFT_VERSION = 5.0;
				TARGETED_DEVICE_FAMILY = "1,2";
			};
			name = Release;
		};
		6BBE5BC9229D9A77006A56D8 /* Debug */ = {
			isa = XCBuildConfiguration;
			baseConfigurationReference = 088EE4861E82F28AFFFFA4C6 /* Pods-mat4ipadTests.debug.xcconfig */;
			buildSettings = {
				ALWAYS_EMBED_SWIFT_STANDARD_LIBRARIES = YES;
				BUNDLE_LOADER = "$(TEST_HOST)";
				CODE_SIGN_STYLE = Automatic;
				INFOPLIST_FILE = mat4ipadTests/Info.plist;
				LD_RUNPATH_SEARCH_PATHS = (
					"$(inherited)",
					"@executable_path/Frameworks",
					"@loader_path/Frameworks",
				);
				PRODUCT_BUNDLE_IDENTIFIER = ingun37.mat4ipadTests;
				PRODUCT_NAME = "$(TARGET_NAME)";
				SWIFT_VERSION = 5.0;
				TARGETED_DEVICE_FAMILY = "1,2";
				TEST_HOST = "$(BUILT_PRODUCTS_DIR)/mat4ipad.app/mat4ipad";
			};
			name = Debug;
		};
		6BBE5BCA229D9A77006A56D8 /* Release */ = {
			isa = XCBuildConfiguration;
			baseConfigurationReference = 3EA47F067355FCA462DE0329 /* Pods-mat4ipadTests.release.xcconfig */;
			buildSettings = {
				ALWAYS_EMBED_SWIFT_STANDARD_LIBRARIES = YES;
				BUNDLE_LOADER = "$(TEST_HOST)";
				CODE_SIGN_STYLE = Automatic;
				INFOPLIST_FILE = mat4ipadTests/Info.plist;
				LD_RUNPATH_SEARCH_PATHS = (
					"$(inherited)",
					"@executable_path/Frameworks",
					"@loader_path/Frameworks",
				);
				PRODUCT_BUNDLE_IDENTIFIER = ingun37.mat4ipadTests;
				PRODUCT_NAME = "$(TARGET_NAME)";
				SWIFT_VERSION = 5.0;
				TARGETED_DEVICE_FAMILY = "1,2";
				TEST_HOST = "$(BUILT_PRODUCTS_DIR)/mat4ipad.app/mat4ipad";
			};
			name = Release;
		};
		6BBE5BCC229D9A77006A56D8 /* Debug */ = {
			isa = XCBuildConfiguration;
			baseConfigurationReference = DC2D3D3B3EBA5A0D265670A4 /* Pods-mat4ipadUITests.debug.xcconfig */;
			buildSettings = {
				ALWAYS_EMBED_SWIFT_STANDARD_LIBRARIES = YES;
				CODE_SIGN_STYLE = Automatic;
				INFOPLIST_FILE = mat4ipadUITests/Info.plist;
				LD_RUNPATH_SEARCH_PATHS = (
					"$(inherited)",
					"@executable_path/Frameworks",
					"@loader_path/Frameworks",
				);
				PRODUCT_BUNDLE_IDENTIFIER = ingun37.mat4ipadUITests;
				PRODUCT_NAME = "$(TARGET_NAME)";
				SWIFT_VERSION = 5.0;
				TARGETED_DEVICE_FAMILY = "1,2";
				TEST_TARGET_NAME = mat4ipad;
			};
			name = Debug;
		};
		6BBE5BCD229D9A77006A56D8 /* Release */ = {
			isa = XCBuildConfiguration;
			baseConfigurationReference = 6F24F6C796DEEA6B97B096B5 /* Pods-mat4ipadUITests.release.xcconfig */;
			buildSettings = {
				ALWAYS_EMBED_SWIFT_STANDARD_LIBRARIES = YES;
				CODE_SIGN_STYLE = Automatic;
				INFOPLIST_FILE = mat4ipadUITests/Info.plist;
				LD_RUNPATH_SEARCH_PATHS = (
					"$(inherited)",
					"@executable_path/Frameworks",
					"@loader_path/Frameworks",
				);
				PRODUCT_BUNDLE_IDENTIFIER = ingun37.mat4ipadUITests;
				PRODUCT_NAME = "$(TARGET_NAME)";
				SWIFT_VERSION = 5.0;
				TARGETED_DEVICE_FAMILY = "1,2";
				TEST_TARGET_NAME = mat4ipad;
			};
			name = Release;
		};
/* End XCBuildConfiguration section */

/* Begin XCConfigurationList section */
		6BBE5B98229D9A77006A56D8 /* Build configuration list for PBXProject "mat4ipad" */ = {
			isa = XCConfigurationList;
			buildConfigurations = (
				6BBE5BC3229D9A77006A56D8 /* Debug */,
				6BBE5BC4229D9A77006A56D8 /* Release */,
			);
			defaultConfigurationIsVisible = 0;
			defaultConfigurationName = Release;
		};
		6BBE5BC5229D9A77006A56D8 /* Build configuration list for PBXNativeTarget "mat4ipad" */ = {
			isa = XCConfigurationList;
			buildConfigurations = (
				6BBE5BC6229D9A77006A56D8 /* Debug */,
				6BBE5BC7229D9A77006A56D8 /* Release */,
			);
			defaultConfigurationIsVisible = 0;
			defaultConfigurationName = Release;
		};
		6BBE5BC8229D9A77006A56D8 /* Build configuration list for PBXNativeTarget "mat4ipadTests" */ = {
			isa = XCConfigurationList;
			buildConfigurations = (
				6BBE5BC9229D9A77006A56D8 /* Debug */,
				6BBE5BCA229D9A77006A56D8 /* Release */,
			);
			defaultConfigurationIsVisible = 0;
			defaultConfigurationName = Release;
		};
		6BBE5BCB229D9A77006A56D8 /* Build configuration list for PBXNativeTarget "mat4ipadUITests" */ = {
			isa = XCConfigurationList;
			buildConfigurations = (
				6BBE5BCC229D9A77006A56D8 /* Debug */,
				6BBE5BCD229D9A77006A56D8 /* Release */,
			);
			defaultConfigurationIsVisible = 0;
			defaultConfigurationName = Release;
		};
/* End XCConfigurationList section */
	};
	rootObject = 6BBE5B95229D9A77006A56D8 /* Project object */;
}
