// !$*UTF8*$!
{
	archiveVersion = 1;
	classes = {
	};
	objectVersion = 52;
	objects = {

/* Begin PBXBuildFile section */
		6B2F5C27229E64DC00A634B3 /* ExpView.swift in Sources */ = {isa = PBXBuildFile; fileRef = 6B2F5C26229E64DC00A634B3 /* ExpView.swift */; };
		6B2F5C2D229E6E5000A634B3 /* ExpView.xib in Resources */ = {isa = PBXBuildFile; fileRef = 6B2F5C2C229E6E5000A634B3 /* ExpView.xib */; };
		6B2F5C2F229E939500A634B3 /* ApplyTableVC.swift in Sources */ = {isa = PBXBuildFile; fileRef = 6B2F5C2E229E939500A634B3 /* ApplyTableVC.swift */; };
		6B39EC1C22C0BBFB001B25AB /* ResizePreview.xib in Resources */ = {isa = PBXBuildFile; fileRef = 6B39EC1B22C0BBFB001B25AB /* ResizePreview.xib */; };
		6B39EC1E22C0BC3F001B25AB /* ResizePreview.swift in Sources */ = {isa = PBXBuildFile; fileRef = 6B39EC1D22C0BC3F001B25AB /* ResizePreview.swift */; };
		6B49898122A2FFB000F47A5E /* LatexView.swift in Sources */ = {isa = PBXBuildFile; fileRef = 6B49898022A2FFB000F47A5E /* LatexView.swift */; };
		6B4989A322A6B77B00F47A5E /* MatrixCell.xib in Resources */ = {isa = PBXBuildFile; fileRef = 6B4989A222A6B77B00F47A5E /* MatrixCell.xib */; };
		6B4989A522A6B85B00F47A5E /* MatrixViews.swift in Sources */ = {isa = PBXBuildFile; fileRef = 6B4989A422A6B85B00F47A5E /* MatrixViews.swift */; };
		6B4989A722A6B8BD00F47A5E /* MatrixRow.xib in Resources */ = {isa = PBXBuildFile; fileRef = 6B4989A622A6B8BD00F47A5E /* MatrixRow.xib */; };
		6B83576A22EDEA8B003C6C48 /* ModelDataHandler.swift in Sources */ = {isa = PBXBuildFile; fileRef = 6B83576922EDEA8B003C6C48 /* ModelDataHandler.swift */; };
		6B83576C22EDEABB003C6C48 /* converted_model.tflite in Resources */ = {isa = PBXBuildFile; fileRef = 6B83576B22EDEABB003C6C48 /* converted_model.tflite */; };
		6B83576E22EE5FAE003C6C48 /* labels.txt in Resources */ = {isa = PBXBuildFile; fileRef = 6B83576D22EE5FAE003C6C48 /* labels.txt */; };
		6BBE5BA1229D9A77006A56D8 /* AppDelegate.swift in Sources */ = {isa = PBXBuildFile; fileRef = 6BBE5BA0229D9A77006A56D8 /* AppDelegate.swift */; };
		6BBE5BA3229D9A77006A56D8 /* ViewController.swift in Sources */ = {isa = PBXBuildFile; fileRef = 6BBE5BA2229D9A77006A56D8 /* ViewController.swift */; };
		6BBE5BA6229D9A77006A56D8 /* Main.storyboard in Resources */ = {isa = PBXBuildFile; fileRef = 6BBE5BA4229D9A77006A56D8 /* Main.storyboard */; };
		6BBE5BA8229D9A77006A56D8 /* Assets.xcassets in Resources */ = {isa = PBXBuildFile; fileRef = 6BBE5BA7229D9A77006A56D8 /* Assets.xcassets */; };
		6BBE5BAB229D9A77006A56D8 /* LaunchScreen.storyboard in Resources */ = {isa = PBXBuildFile; fileRef = 6BBE5BA9229D9A77006A56D8 /* LaunchScreen.storyboard */; };
		6BBE5BB6229D9A77006A56D8 /* mat4ipadTests.swift in Sources */ = {isa = PBXBuildFile; fileRef = 6BBE5BB5229D9A77006A56D8 /* mat4ipadTests.swift */; };
		6BBE5BC1229D9A77006A56D8 /* mat4ipadUITests.swift in Sources */ = {isa = PBXBuildFile; fileRef = 6BBE5BC0229D9A77006A56D8 /* mat4ipadUITests.swift */; };
		6BDC97C022F34C11009BD451 /* VarView.xib in Resources */ = {isa = PBXBuildFile; fileRef = 6BDC97BF22F34C11009BD451 /* VarView.xib */; };
		6BDC97C222F34D59009BD451 /* VarView.swift in Sources */ = {isa = PBXBuildFile; fileRef = 6BDC97C122F34D59009BD451 /* VarView.swift */; };
		6BEC780822FE86F3007AE58B /* ExpViewable.swift in Sources */ = {isa = PBXBuildFile; fileRef = 6BEC780722FE86F3007AE58B /* ExpViewable.swift */; };
		6BFE54CB22F4A0E800476825 /* MathScrollView.swift in Sources */ = {isa = PBXBuildFile; fileRef = 6BFE54CA22F4A0E800476825 /* MathScrollView.swift */; };
		9202DCFB23F5B81300A9F6FD /* SwiftGraph in Frameworks */ = {isa = PBXBuildFile; productRef = 9202DCFA23F5B81300A9F6FD /* SwiftGraph */; };
		924E3D122401116A0069B54D /* ReSwift in Frameworks */ = {isa = PBXBuildFile; productRef = 924E3D112401116A0069B54D /* ReSwift */; };
		924E3D142401117F0069B54D /* Store.swift in Sources */ = {isa = PBXBuildFile; fileRef = 924E3D132401117F0069B54D /* Store.swift */; };
		925E586F23EC116C0061F1A5 /* Regex in Frameworks */ = {isa = PBXBuildFile; productRef = 925E586E23EC116C0061F1A5 /* Regex */; };
		925E587323EC71970061F1A5 /* icons in Resources */ = {isa = PBXBuildFile; fileRef = 925E587223EC71960061F1A5 /* icons */; };
		925F4F7523E80972009E6ED6 /* lexiFreeMonoid in Frameworks */ = {isa = PBXBuildFile; productRef = 925F4F7423E80972009E6ED6 /* lexiFreeMonoid */; };
		925F4F7723E85FE6009E6ED6 /* About.swift in Sources */ = {isa = PBXBuildFile; fileRef = 925F4F7623E85FE6009E6ED6 /* About.swift */; };
		9266034223E939660002DE1C /* HelpPageVC.swift in Sources */ = {isa = PBXBuildFile; fileRef = 9266034123E939660002DE1C /* HelpPageVC.swift */; };
		926E12CA23E6D09C007A23C7 /* PaddedLatexView.xib in Resources */ = {isa = PBXBuildFile; fileRef = 926E12C923E6D09C007A23C7 /* PaddedLatexView.xib */; };
		926E12CC23E6D63D007A23C7 /* PaddedLatexView.swift in Sources */ = {isa = PBXBuildFile; fileRef = 926E12CB23E6D63D007A23C7 /* PaddedLatexView.swift */; };
		929FAC5F23EABC3F004192D2 /* HandwiringTooltip.xib in Resources */ = {isa = PBXBuildFile; fileRef = 929FAC5E23EABC3F004192D2 /* HandwiringTooltip.xib */; };
		929FAC6123EABCCD004192D2 /* HandwiringTooltip.swift in Sources */ = {isa = PBXBuildFile; fileRef = 929FAC6023EABCCD004192D2 /* HandwiringTooltip.swift */; };
		92D37B3923E6777500393C50 /* ExpressiveAlgebra in Frameworks */ = {isa = PBXBuildFile; productRef = 92D37B3823E6777500393C50 /* ExpressiveAlgebra */; };
		92DBA8CF23E91334001C95FF /* HelpView.swift in Sources */ = {isa = PBXBuildFile; fileRef = 92DBA8CE23E91334001C95FF /* HelpView.swift */; };
		938EB633D6E260C6692C6AAB /* libPods-mat4ipadTests.a in Frameworks */ = {isa = PBXBuildFile; fileRef = FCDCE23A62859008EA8258E6 /* libPods-mat4ipadTests.a */; };
		BDE01773B50BD0A4832320A6 /* libPods-mat4ipadUITests.a in Frameworks */ = {isa = PBXBuildFile; fileRef = 92B72D52F9A364EC58398667 /* libPods-mat4ipadUITests.a */; };
		C4CCF3B9DAF574FB1025A0DE /* libPods-mat4ipad.a in Frameworks */ = {isa = PBXBuildFile; fileRef = C91D4B5C0327D1BEF208BA57 /* libPods-mat4ipad.a */; };
/* End PBXBuildFile section */

/* Begin PBXContainerItemProxy section */
		6BBE5BB2229D9A77006A56D8 /* PBXContainerItemProxy */ = {
			isa = PBXContainerItemProxy;
			containerPortal = 6BBE5B95229D9A77006A56D8 /* Project object */;
			proxyType = 1;
			remoteGlobalIDString = 6BBE5B9C229D9A77006A56D8;
			remoteInfo = mat4ipad;
		};
		6BBE5BBD229D9A77006A56D8 /* PBXContainerItemProxy */ = {
			isa = PBXContainerItemProxy;
			containerPortal = 6BBE5B95229D9A77006A56D8 /* Project object */;
			proxyType = 1;
			remoteGlobalIDString = 6BBE5B9C229D9A77006A56D8;
			remoteInfo = mat4ipad;
		};
/* End PBXContainerItemProxy section */

/* Begin PBXFileReference section */
		088EE4861E82F28AFFFFA4C6 /* Pods-mat4ipadTests.debug.xcconfig */ = {isa = PBXFileReference; includeInIndex = 1; lastKnownFileType = text.xcconfig; name = "Pods-mat4ipadTests.debug.xcconfig"; path = "Pods/Target Support Files/Pods-mat4ipadTests/Pods-mat4ipadTests.debug.xcconfig"; sourceTree = "<group>"; };
		3EA47F067355FCA462DE0329 /* Pods-mat4ipadTests.release.xcconfig */ = {isa = PBXFileReference; includeInIndex = 1; lastKnownFileType = text.xcconfig; name = "Pods-mat4ipadTests.release.xcconfig"; path = "Pods/Target Support Files/Pods-mat4ipadTests/Pods-mat4ipadTests.release.xcconfig"; sourceTree = "<group>"; };
		6B2F5C26229E64DC00A634B3 /* ExpView.swift */ = {isa = PBXFileReference; lastKnownFileType = sourcecode.swift; path = ExpView.swift; sourceTree = "<group>"; };
		6B2F5C2C229E6E5000A634B3 /* ExpView.xib */ = {isa = PBXFileReference; lastKnownFileType = file.xib; path = ExpView.xib; sourceTree = "<group>"; };
		6B2F5C2E229E939500A634B3 /* ApplyTableVC.swift */ = {isa = PBXFileReference; lastKnownFileType = sourcecode.swift; path = ApplyTableVC.swift; sourceTree = "<group>"; };
		6B39EC1B22C0BBFB001B25AB /* ResizePreview.xib */ = {isa = PBXFileReference; lastKnownFileType = file.xib; path = ResizePreview.xib; sourceTree = "<group>"; };
		6B39EC1D22C0BC3F001B25AB /* ResizePreview.swift */ = {isa = PBXFileReference; lastKnownFileType = sourcecode.swift; path = ResizePreview.swift; sourceTree = "<group>"; };
		6B49898022A2FFB000F47A5E /* LatexView.swift */ = {isa = PBXFileReference; lastKnownFileType = sourcecode.swift; path = LatexView.swift; sourceTree = "<group>"; };
		6B49899122A5282C00F47A5E /* NumberKit.framework */ = {isa = PBXFileReference; explicitFileType = wrapper.framework; path = NumberKit.framework; sourceTree = BUILT_PRODUCTS_DIR; };
		6B49899322A528FC00F47A5E /* NumberKit.framework */ = {isa = PBXFileReference; explicitFileType = wrapper.framework; path = NumberKit.framework; sourceTree = BUILT_PRODUCTS_DIR; };
		6B49899522A5293500F47A5E /* NumberKit.framework */ = {isa = PBXFileReference; explicitFileType = wrapper.framework; path = NumberKit.framework; sourceTree = BUILT_PRODUCTS_DIR; };
		6B49899722A52BBB00F47A5E /* NumberKit.framework */ = {isa = PBXFileReference; explicitFileType = wrapper.framework; path = NumberKit.framework; sourceTree = BUILT_PRODUCTS_DIR; };
		6B49899922A52BEE00F47A5E /* NumberKit.framework */ = {isa = PBXFileReference; explicitFileType = wrapper.framework; path = NumberKit.framework; sourceTree = BUILT_PRODUCTS_DIR; };
		6B4989A222A6B77B00F47A5E /* MatrixCell.xib */ = {isa = PBXFileReference; lastKnownFileType = file.xib; path = MatrixCell.xib; sourceTree = "<group>"; };
		6B4989A422A6B85B00F47A5E /* MatrixViews.swift */ = {isa = PBXFileReference; lastKnownFileType = sourcecode.swift; path = MatrixViews.swift; sourceTree = "<group>"; };
		6B4989A622A6B8BD00F47A5E /* MatrixRow.xib */ = {isa = PBXFileReference; lastKnownFileType = file.xib; path = MatrixRow.xib; sourceTree = "<group>"; };
		6B83576922EDEA8B003C6C48 /* ModelDataHandler.swift */ = {isa = PBXFileReference; lastKnownFileType = sourcecode.swift; path = ModelDataHandler.swift; sourceTree = "<group>"; };
		6B83576B22EDEABB003C6C48 /* converted_model.tflite */ = {isa = PBXFileReference; lastKnownFileType = file; path = converted_model.tflite; sourceTree = "<group>"; };
		6B83576D22EE5FAE003C6C48 /* labels.txt */ = {isa = PBXFileReference; lastKnownFileType = text; path = labels.txt; sourceTree = "<group>"; };
		6BBE5B9D229D9A77006A56D8 /* Expressive Matrix Calculator.app */ = {isa = PBXFileReference; explicitFileType = wrapper.application; includeInIndex = 0; path = "Expressive Matrix Calculator.app"; sourceTree = BUILT_PRODUCTS_DIR; };
		6BBE5BA0229D9A77006A56D8 /* AppDelegate.swift */ = {isa = PBXFileReference; lastKnownFileType = sourcecode.swift; path = AppDelegate.swift; sourceTree = "<group>"; };
		6BBE5BA2229D9A77006A56D8 /* ViewController.swift */ = {isa = PBXFileReference; lastKnownFileType = sourcecode.swift; path = ViewController.swift; sourceTree = "<group>"; };
		6BBE5BA5229D9A77006A56D8 /* Base */ = {isa = PBXFileReference; lastKnownFileType = file.storyboard; name = Base; path = Base.lproj/Main.storyboard; sourceTree = "<group>"; };
		6BBE5BA7229D9A77006A56D8 /* Assets.xcassets */ = {isa = PBXFileReference; lastKnownFileType = folder.assetcatalog; path = Assets.xcassets; sourceTree = "<group>"; };
		6BBE5BAA229D9A77006A56D8 /* Base */ = {isa = PBXFileReference; lastKnownFileType = file.storyboard; name = Base; path = Base.lproj/LaunchScreen.storyboard; sourceTree = "<group>"; };
		6BBE5BAC229D9A77006A56D8 /* Info.plist */ = {isa = PBXFileReference; lastKnownFileType = text.plist.xml; path = Info.plist; sourceTree = "<group>"; };
		6BBE5BB1229D9A77006A56D8 /* mat4ipadTests.xctest */ = {isa = PBXFileReference; explicitFileType = wrapper.cfbundle; includeInIndex = 0; path = mat4ipadTests.xctest; sourceTree = BUILT_PRODUCTS_DIR; };
		6BBE5BB5229D9A77006A56D8 /* mat4ipadTests.swift */ = {isa = PBXFileReference; lastKnownFileType = sourcecode.swift; path = mat4ipadTests.swift; sourceTree = "<group>"; };
		6BBE5BB7229D9A77006A56D8 /* Info.plist */ = {isa = PBXFileReference; lastKnownFileType = text.plist.xml; path = Info.plist; sourceTree = "<group>"; };
		6BBE5BBC229D9A77006A56D8 /* mat4ipadUITests.xctest */ = {isa = PBXFileReference; explicitFileType = wrapper.cfbundle; includeInIndex = 0; path = mat4ipadUITests.xctest; sourceTree = BUILT_PRODUCTS_DIR; };
		6BBE5BC0229D9A77006A56D8 /* mat4ipadUITests.swift */ = {isa = PBXFileReference; lastKnownFileType = sourcecode.swift; path = mat4ipadUITests.swift; sourceTree = "<group>"; };
		6BBE5BC2229D9A77006A56D8 /* Info.plist */ = {isa = PBXFileReference; lastKnownFileType = text.plist.xml; path = Info.plist; sourceTree = "<group>"; };
		6BBE5BCE229E292F006A56D8 /* Podfile */ = {isa = PBXFileReference; lastKnownFileType = text; path = Podfile; sourceTree = "<group>"; xcLanguageSpecificationIdentifier = xcode.lang.ruby; };
		6BDC97BF22F34C11009BD451 /* VarView.xib */ = {isa = PBXFileReference; lastKnownFileType = file.xib; path = VarView.xib; sourceTree = "<group>"; };
		6BDC97C122F34D59009BD451 /* VarView.swift */ = {isa = PBXFileReference; lastKnownFileType = sourcecode.swift; path = VarView.swift; sourceTree = "<group>"; };
		6BEC780722FE86F3007AE58B /* ExpViewable.swift */ = {isa = PBXFileReference; lastKnownFileType = sourcecode.swift; path = ExpViewable.swift; sourceTree = "<group>"; };
		6BFE54CA22F4A0E800476825 /* MathScrollView.swift */ = {isa = PBXFileReference; lastKnownFileType = sourcecode.swift; path = MathScrollView.swift; sourceTree = "<group>"; };
		6F24F6C796DEEA6B97B096B5 /* Pods-mat4ipadUITests.release.xcconfig */ = {isa = PBXFileReference; includeInIndex = 1; lastKnownFileType = text.xcconfig; name = "Pods-mat4ipadUITests.release.xcconfig"; path = "Pods/Target Support Files/Pods-mat4ipadUITests/Pods-mat4ipadUITests.release.xcconfig"; sourceTree = "<group>"; };
		924E3D132401117F0069B54D /* Store.swift */ = {isa = PBXFileReference; lastKnownFileType = sourcecode.swift; path = Store.swift; sourceTree = "<group>"; };
		925E587223EC71960061F1A5 /* icons */ = {isa = PBXFileReference; lastKnownFileType = folder; path = icons; sourceTree = "<group>"; };
		925F4F7623E85FE6009E6ED6 /* About.swift */ = {isa = PBXFileReference; lastKnownFileType = sourcecode.swift; path = About.swift; sourceTree = "<group>"; };
		9266034123E939660002DE1C /* HelpPageVC.swift */ = {isa = PBXFileReference; lastKnownFileType = sourcecode.swift; path = HelpPageVC.swift; sourceTree = "<group>"; };
		926E12C923E6D09C007A23C7 /* PaddedLatexView.xib */ = {isa = PBXFileReference; lastKnownFileType = file.xib; path = PaddedLatexView.xib; sourceTree = "<group>"; };
		926E12CB23E6D63D007A23C7 /* PaddedLatexView.swift */ = {isa = PBXFileReference; lastKnownFileType = sourcecode.swift; path = PaddedLatexView.swift; sourceTree = "<group>"; };
		929FAC5E23EABC3F004192D2 /* HandwiringTooltip.xib */ = {isa = PBXFileReference; lastKnownFileType = file.xib; path = HandwiringTooltip.xib; sourceTree = "<group>"; };
		929FAC6023EABCCD004192D2 /* HandwiringTooltip.swift */ = {isa = PBXFileReference; lastKnownFileType = sourcecode.swift; path = HandwiringTooltip.swift; sourceTree = "<group>"; };
		92B72D52F9A364EC58398667 /* libPods-mat4ipadUITests.a */ = {isa = PBXFileReference; explicitFileType = archive.ar; includeInIndex = 0; path = "libPods-mat4ipadUITests.a"; sourceTree = BUILT_PRODUCTS_DIR; };
		92DBA8CE23E91334001C95FF /* HelpView.swift */ = {isa = PBXFileReference; lastKnownFileType = sourcecode.swift; path = HelpView.swift; sourceTree = "<group>"; };
		B41F4B3CD988DD2058B939AA /* Pods-mat4ipad.release.xcconfig */ = {isa = PBXFileReference; includeInIndex = 1; lastKnownFileType = text.xcconfig; name = "Pods-mat4ipad.release.xcconfig"; path = "Pods/Target Support Files/Pods-mat4ipad/Pods-mat4ipad.release.xcconfig"; sourceTree = "<group>"; };
		C91D4B5C0327D1BEF208BA57 /* libPods-mat4ipad.a */ = {isa = PBXFileReference; explicitFileType = archive.ar; includeInIndex = 0; path = "libPods-mat4ipad.a"; sourceTree = BUILT_PRODUCTS_DIR; };
		DC2D3D3B3EBA5A0D265670A4 /* Pods-mat4ipadUITests.debug.xcconfig */ = {isa = PBXFileReference; includeInIndex = 1; lastKnownFileType = text.xcconfig; name = "Pods-mat4ipadUITests.debug.xcconfig"; path = "Pods/Target Support Files/Pods-mat4ipadUITests/Pods-mat4ipadUITests.debug.xcconfig"; sourceTree = "<group>"; };
		FBB48FC5F417416D6BF0F102 /* Pods-mat4ipad.debug.xcconfig */ = {isa = PBXFileReference; includeInIndex = 1; lastKnownFileType = text.xcconfig; name = "Pods-mat4ipad.debug.xcconfig"; path = "Pods/Target Support Files/Pods-mat4ipad/Pods-mat4ipad.debug.xcconfig"; sourceTree = "<group>"; };
		FCDCE23A62859008EA8258E6 /* libPods-mat4ipadTests.a */ = {isa = PBXFileReference; explicitFileType = archive.ar; includeInIndex = 0; path = "libPods-mat4ipadTests.a"; sourceTree = BUILT_PRODUCTS_DIR; };
/* End PBXFileReference section */

/* Begin PBXFrameworksBuildPhase section */
		6BBE5B9A229D9A77006A56D8 /* Frameworks */ = {
			isa = PBXFrameworksBuildPhase;
			buildActionMask = 2147483647;
			files = (
				925E586F23EC116C0061F1A5 /* Regex in Frameworks */,
				C4CCF3B9DAF574FB1025A0DE /* libPods-mat4ipad.a in Frameworks */,
				92D37B3923E6777500393C50 /* ExpressiveAlgebra in Frameworks */,
				924E3D122401116A0069B54D /* ReSwift in Frameworks */,
				9202DCFB23F5B81300A9F6FD /* SwiftGraph in Frameworks */,
				925F4F7523E80972009E6ED6 /* lexiFreeMonoid in Frameworks */,
			);
			runOnlyForDeploymentPostprocessing = 0;
		};
		6BBE5BAE229D9A77006A56D8 /* Frameworks */ = {
			isa = PBXFrameworksBuildPhase;
			buildActionMask = 2147483647;
			files = (
				938EB633D6E260C6692C6AAB /* libPods-mat4ipadTests.a in Frameworks */,
			);
			runOnlyForDeploymentPostprocessing = 0;
		};
		6BBE5BB9229D9A77006A56D8 /* Frameworks */ = {
			isa = PBXFrameworksBuildPhase;
			buildActionMask = 2147483647;
			files = (
				BDE01773B50BD0A4832320A6 /* libPods-mat4ipadUITests.a in Frameworks */,
			);
			runOnlyForDeploymentPostprocessing = 0;
		};
/* End PBXFrameworksBuildPhase section */

/* Begin PBXGroup section */
		4189016C0A43300C160C279C /* Pods */ = {
			isa = PBXGroup;
			children = (
				FBB48FC5F417416D6BF0F102 /* Pods-mat4ipad.debug.xcconfig */,
				B41F4B3CD988DD2058B939AA /* Pods-mat4ipad.release.xcconfig */,
				088EE4861E82F28AFFFFA4C6 /* Pods-mat4ipadTests.debug.xcconfig */,
				3EA47F067355FCA462DE0329 /* Pods-mat4ipadTests.release.xcconfig */,
				DC2D3D3B3EBA5A0D265670A4 /* Pods-mat4ipadUITests.debug.xcconfig */,
				6F24F6C796DEEA6B97B096B5 /* Pods-mat4ipadUITests.release.xcconfig */,
			);
			name = Pods;
			sourceTree = "<group>";
		};
		6B4989A122A6B76B00F47A5E /* Matrix */ = {
			isa = PBXGroup;
			children = (
				6B4989A222A6B77B00F47A5E /* MatrixCell.xib */,
				6B4989A422A6B85B00F47A5E /* MatrixViews.swift */,
				6B4989A622A6B8BD00F47A5E /* MatrixRow.xib */,
			);
			path = Matrix;
			sourceTree = "<group>";
		};
		6BBE5B94229D9A77006A56D8 = {
			isa = PBXGroup;
			children = (
				6BBE5BCE229E292F006A56D8 /* Podfile */,
				6BBE5B9F229D9A77006A56D8 /* mat4ipad */,
				6BBE5BB4229D9A77006A56D8 /* mat4ipadTests */,
				6BBE5BBF229D9A77006A56D8 /* mat4ipadUITests */,
				6BBE5B9E229D9A77006A56D8 /* Products */,
				4189016C0A43300C160C279C /* Pods */,
				BDAE78E91BAF97DD9F10D151 /* Frameworks */,
			);
			sourceTree = "<group>";
		};
		6BBE5B9E229D9A77006A56D8 /* Products */ = {
			isa = PBXGroup;
			children = (
				6BBE5B9D229D9A77006A56D8 /* Expressive Matrix Calculator.app */,
				6BBE5BB1229D9A77006A56D8 /* mat4ipadTests.xctest */,
				6BBE5BBC229D9A77006A56D8 /* mat4ipadUITests.xctest */,
			);
			name = Products;
			sourceTree = "<group>";
		};
		6BBE5B9F229D9A77006A56D8 /* mat4ipad */ = {
			isa = PBXGroup;
			children = (
				6B4989A122A6B76B00F47A5E /* Matrix */,
				6BBE5BA0229D9A77006A56D8 /* AppDelegate.swift */,
				6BBE5BA2229D9A77006A56D8 /* ViewController.swift */,
				6B83576B22EDEABB003C6C48 /* converted_model.tflite */,
				6B83576D22EE5FAE003C6C48 /* labels.txt */,
				6BBE5BA4229D9A77006A56D8 /* Main.storyboard */,
				925F4F7623E85FE6009E6ED6 /* About.swift */,
				6B2F5C2E229E939500A634B3 /* ApplyTableVC.swift */,
				6B83576922EDEA8B003C6C48 /* ModelDataHandler.swift */,
				6B49898022A2FFB000F47A5E /* LatexView.swift */,
				926E12CB23E6D63D007A23C7 /* PaddedLatexView.swift */,
				926E12C923E6D09C007A23C7 /* PaddedLatexView.xib */,
				6B2F5C26229E64DC00A634B3 /* ExpView.swift */,
				6BEC780722FE86F3007AE58B /* ExpViewable.swift */,
				6B2F5C2C229E6E5000A634B3 /* ExpView.xib */,
				6BDC97BF22F34C11009BD451 /* VarView.xib */,
				6BDC97C122F34D59009BD451 /* VarView.swift */,
				6BBE5BA7229D9A77006A56D8 /* Assets.xcassets */,
				6BBE5BA9229D9A77006A56D8 /* LaunchScreen.storyboard */,
				6BBE5BAC229D9A77006A56D8 /* Info.plist */,
				6B39EC1B22C0BBFB001B25AB /* ResizePreview.xib */,
				6B39EC1D22C0BC3F001B25AB /* ResizePreview.swift */,
				6BFE54CA22F4A0E800476825 /* MathScrollView.swift */,
				92DBA8CE23E91334001C95FF /* HelpView.swift */,
				9266034123E939660002DE1C /* HelpPageVC.swift */,
				929FAC5E23EABC3F004192D2 /* HandwiringTooltip.xib */,
				929FAC6023EABCCD004192D2 /* HandwiringTooltip.swift */,
				924E3D132401117F0069B54D /* Store.swift */,
				925E587223EC71960061F1A5 /* icons */,
			);
			path = mat4ipad;
			sourceTree = "<group>";
		};
		6BBE5BB4229D9A77006A56D8 /* mat4ipadTests */ = {
			isa = PBXGroup;
			children = (
				6BBE5BB5229D9A77006A56D8 /* mat4ipadTests.swift */,
				6BBE5BB7229D9A77006A56D8 /* Info.plist */,
			);
			path = mat4ipadTests;
			sourceTree = "<group>";
		};
		6BBE5BBF229D9A77006A56D8 /* mat4ipadUITests */ = {
			isa = PBXGroup;
			children = (
				6BBE5BC0229D9A77006A56D8 /* mat4ipadUITests.swift */,
				6BBE5BC2229D9A77006A56D8 /* Info.plist */,
			);
			path = mat4ipadUITests;
			sourceTree = "<group>";
		};
		BDAE78E91BAF97DD9F10D151 /* Frameworks */ = {
			isa = PBXGroup;
			children = (
				6B49899922A52BEE00F47A5E /* NumberKit.framework */,
				6B49899522A5293500F47A5E /* NumberKit.framework */,
				6B49899322A528FC00F47A5E /* NumberKit.framework */,
				6B49899722A52BBB00F47A5E /* NumberKit.framework */,
				6B49899122A5282C00F47A5E /* NumberKit.framework */,
				C91D4B5C0327D1BEF208BA57 /* libPods-mat4ipad.a */,
				FCDCE23A62859008EA8258E6 /* libPods-mat4ipadTests.a */,
				92B72D52F9A364EC58398667 /* libPods-mat4ipadUITests.a */,
			);
			name = Frameworks;
			sourceTree = "<group>";
		};
/* End PBXGroup section */

/* Begin PBXNativeTarget section */
		6BBE5B9C229D9A77006A56D8 /* mat4ipad */ = {
			isa = PBXNativeTarget;
			buildConfigurationList = 6BBE5BC5229D9A77006A56D8 /* Build configuration list for PBXNativeTarget "mat4ipad" */;
			buildPhases = (
				C825BE6A4255F56AC0F5EFD2 /* [CP] Check Pods Manifest.lock */,
				6BBE5B99229D9A77006A56D8 /* Sources */,
				6BBE5B9A229D9A77006A56D8 /* Frameworks */,
				6BBE5B9B229D9A77006A56D8 /* Resources */,
				7728C4C322ED918FA9480F82 /* [CP] Copy Pods Resources */,
			);
			buildRules = (
			);
			dependencies = (
			);
			name = mat4ipad;
			packageProductDependencies = (
				92D37B3823E6777500393C50 /* ExpressiveAlgebra */,
				925F4F7423E80972009E6ED6 /* lexiFreeMonoid */,
				925E586E23EC116C0061F1A5 /* Regex */,
				9202DCFA23F5B81300A9F6FD /* SwiftGraph */,
				924E3D112401116A0069B54D /* ReSwift */,
			);
			productName = mat4ipad;
			productReference = 6BBE5B9D229D9A77006A56D8 /* Expressive Matrix Calculator.app */;
			productType = "com.apple.product-type.application";
		};
		6BBE5BB0229D9A77006A56D8 /* mat4ipadTests */ = {
			isa = PBXNativeTarget;
			buildConfigurationList = 6BBE5BC8229D9A77006A56D8 /* Build configuration list for PBXNativeTarget "mat4ipadTests" */;
			buildPhases = (
				DA66DAFAAF72A4D3D5308B0C /* [CP] Check Pods Manifest.lock */,
				6BBE5BAD229D9A77006A56D8 /* Sources */,
				6BBE5BAE229D9A77006A56D8 /* Frameworks */,
				6BBE5BAF229D9A77006A56D8 /* Resources */,
			);
			buildRules = (
			);
			dependencies = (
				6BBE5BB3229D9A77006A56D8 /* PBXTargetDependency */,
			);
			name = mat4ipadTests;
			productName = mat4ipadTests;
			productReference = 6BBE5BB1229D9A77006A56D8 /* mat4ipadTests.xctest */;
			productType = "com.apple.product-type.bundle.unit-test";
		};
		6BBE5BBB229D9A77006A56D8 /* mat4ipadUITests */ = {
			isa = PBXNativeTarget;
			buildConfigurationList = 6BBE5BCB229D9A77006A56D8 /* Build configuration list for PBXNativeTarget "mat4ipadUITests" */;
			buildPhases = (
				195DF3225A0D3E8B9031A066 /* [CP] Check Pods Manifest.lock */,
				6BBE5BB8229D9A77006A56D8 /* Sources */,
				6BBE5BB9229D9A77006A56D8 /* Frameworks */,
				6BBE5BBA229D9A77006A56D8 /* Resources */,
			);
			buildRules = (
			);
			dependencies = (
				6BBE5BBE229D9A77006A56D8 /* PBXTargetDependency */,
			);
			name = mat4ipadUITests;
			productName = mat4ipadUITests;
			productReference = 6BBE5BBC229D9A77006A56D8 /* mat4ipadUITests.xctest */;
			productType = "com.apple.product-type.bundle.ui-testing";
		};
/* End PBXNativeTarget section */

/* Begin PBXProject section */
		6BBE5B95229D9A77006A56D8 /* Project object */ = {
			isa = PBXProject;
			attributes = {
				LastSwiftUpdateCheck = 1020;
				LastUpgradeCheck = 1020;
				ORGANIZATIONNAME = ingun37;
				TargetAttributes = {
					6BBE5B9C229D9A77006A56D8 = {
						CreatedOnToolsVersion = 10.2.1;
					};
					6BBE5BB0229D9A77006A56D8 = {
						CreatedOnToolsVersion = 10.2.1;
						TestTargetID = 6BBE5B9C229D9A77006A56D8;
					};
					6BBE5BBB229D9A77006A56D8 = {
						CreatedOnToolsVersion = 10.2.1;
						TestTargetID = 6BBE5B9C229D9A77006A56D8;
					};
				};
			};
			buildConfigurationList = 6BBE5B98229D9A77006A56D8 /* Build configuration list for PBXProject "mat4ipad" */;
			compatibilityVersion = "Xcode 9.3";
			developmentRegion = en;
			hasScannedForEncodings = 0;
			knownRegions = (
				en,
				Base,
			);
			mainGroup = 6BBE5B94229D9A77006A56D8;
			packageReferences = (
				92D37B3723E6777500393C50 /* XCRemoteSwiftPackageReference "ExpressiveAlgebra" */,
				925F4F7323E80972009E6ED6 /* XCRemoteSwiftPackageReference "lexiFreeMonoid" */,
				925E586D23EC116C0061F1A5 /* XCRemoteSwiftPackageReference "Regex" */,
				9202DCF923F5B81300A9F6FD /* XCRemoteSwiftPackageReference "SwiftGraph" */,
				924E3D102401116A0069B54D /* XCRemoteSwiftPackageReference "ReSwift" */,
			);
			productRefGroup = 6BBE5B9E229D9A77006A56D8 /* Products */;
			projectDirPath = "";
			projectRoot = "";
			targets = (
				6BBE5B9C229D9A77006A56D8 /* mat4ipad */,
				6BBE5BB0229D9A77006A56D8 /* mat4ipadTests */,
				6BBE5BBB229D9A77006A56D8 /* mat4ipadUITests */,
			);
		};
/* End PBXProject section */

/* Begin PBXResourcesBuildPhase section */
		6BBE5B9B229D9A77006A56D8 /* Resources */ = {
			isa = PBXResourcesBuildPhase;
			buildActionMask = 2147483647;
			files = (
				6B39EC1C22C0BBFB001B25AB /* ResizePreview.xib in Resources */,
				6B2F5C2D229E6E5000A634B3 /* ExpView.xib in Resources */,
				6B83576E22EE5FAE003C6C48 /* labels.txt in Resources */,
				6BBE5BAB229D9A77006A56D8 /* LaunchScreen.storyboard in Resources */,
				6B4989A322A6B77B00F47A5E /* MatrixCell.xib in Resources */,
				6BBE5BA8229D9A77006A56D8 /* Assets.xcassets in Resources */,
				6BDC97C022F34C11009BD451 /* VarView.xib in Resources */,
				6B4989A722A6B8BD00F47A5E /* MatrixRow.xib in Resources */,
				929FAC5F23EABC3F004192D2 /* HandwiringTooltip.xib in Resources */,
				926E12CA23E6D09C007A23C7 /* PaddedLatexView.xib in Resources */,
				6B83576C22EDEABB003C6C48 /* converted_model.tflite in Resources */,
				6BBE5BA6229D9A77006A56D8 /* Main.storyboard in Resources */,
				925E587323EC71970061F1A5 /* icons in Resources */,
			);
			runOnlyForDeploymentPostprocessing = 0;
		};
		6BBE5BAF229D9A77006A56D8 /* Resources */ = {
			isa = PBXResourcesBuildPhase;
			buildActionMask = 2147483647;
			files = (
			);
			runOnlyForDeploymentPostprocessing = 0;
		};
		6BBE5BBA229D9A77006A56D8 /* Resources */ = {
			isa = PBXResourcesBuildPhase;
			buildActionMask = 2147483647;
			files = (
			);
			runOnlyForDeploymentPostprocessing = 0;
		};
/* End PBXResourcesBuildPhase section */

/* Begin PBXShellScriptBuildPhase section */
		195DF3225A0D3E8B9031A066 /* [CP] Check Pods Manifest.lock */ = {
			isa = PBXShellScriptBuildPhase;
			buildActionMask = 2147483647;
			files = (
			);
			inputPaths = (
				"${PODS_PODFILE_DIR_PATH}/Podfile.lock",
				"${PODS_ROOT}/Manifest.lock",
			);
			name = "[CP] Check Pods Manifest.lock";
			outputPaths = (
				"$(DERIVED_FILE_DIR)/Pods-mat4ipadUITests-checkManifestLockResult.txt",
			);
			runOnlyForDeploymentPostprocessing = 0;
			shellPath = /bin/sh;
			shellScript = "diff \"${PODS_PODFILE_DIR_PATH}/Podfile.lock\" \"${PODS_ROOT}/Manifest.lock\" > /dev/null\nif [ $? != 0 ] ; then\n    # print error to STDERR\n    echo \"error: The sandbox is not in sync with the Podfile.lock. Run 'pod install' or update your CocoaPods installation.\" >&2\n    exit 1\nfi\n# This output is used by Xcode 'outputs' to avoid re-running this script phase.\necho \"SUCCESS\" > \"${SCRIPT_OUTPUT_FILE_0}\"\n";
			showEnvVarsInLog = 0;
		};
		7728C4C322ED918FA9480F82 /* [CP] Copy Pods Resources */ = {
			isa = PBXShellScriptBuildPhase;
			buildActionMask = 2147483647;
			files = (
			);
			inputFileListPaths = (
				"${PODS_ROOT}/Target Support Files/Pods-mat4ipad/Pods-mat4ipad-resources-${CONFIGURATION}-input-files.xcfilelist",
			);
			name = "[CP] Copy Pods Resources";
			outputFileListPaths = (
				"${PODS_ROOT}/Target Support Files/Pods-mat4ipad/Pods-mat4ipad-resources-${CONFIGURATION}-output-files.xcfilelist",
			);
			runOnlyForDeploymentPostprocessing = 0;
			shellPath = /bin/sh;
			shellScript = "\"${PODS_ROOT}/Target Support Files/Pods-mat4ipad/Pods-mat4ipad-resources.sh\"\n";
			showEnvVarsInLog = 0;
		};
		C825BE6A4255F56AC0F5EFD2 /* [CP] Check Pods Manifest.lock */ = {
			isa = PBXShellScriptBuildPhase;
			buildActionMask = 2147483647;
			files = (
			);
			inputPaths = (
				"${PODS_PODFILE_DIR_PATH}/Podfile.lock",
				"${PODS_ROOT}/Manifest.lock",
			);
			name = "[CP] Check Pods Manifest.lock";
			outputPaths = (
				"$(DERIVED_FILE_DIR)/Pods-mat4ipad-checkManifestLockResult.txt",
			);
			runOnlyForDeploymentPostprocessing = 0;
			shellPath = /bin/sh;
			shellScript = "diff \"${PODS_PODFILE_DIR_PATH}/Podfile.lock\" \"${PODS_ROOT}/Manifest.lock\" > /dev/null\nif [ $? != 0 ] ; then\n    # print error to STDERR\n    echo \"error: The sandbox is not in sync with the Podfile.lock. Run 'pod install' or update your CocoaPods installation.\" >&2\n    exit 1\nfi\n# This output is used by Xcode 'outputs' to avoid re-running this script phase.\necho \"SUCCESS\" > \"${SCRIPT_OUTPUT_FILE_0}\"\n";
			showEnvVarsInLog = 0;
		};
		DA66DAFAAF72A4D3D5308B0C /* [CP] Check Pods Manifest.lock */ = {
			isa = PBXShellScriptBuildPhase;
			buildActionMask = 2147483647;
			files = (
			);
			inputPaths = (
				"${PODS_PODFILE_DIR_PATH}/Podfile.lock",
				"${PODS_ROOT}/Manifest.lock",
			);
			name = "[CP] Check Pods Manifest.lock";
			outputPaths = (
				"$(DERIVED_FILE_DIR)/Pods-mat4ipadTests-checkManifestLockResult.txt",
			);
			runOnlyForDeploymentPostprocessing = 0;
			shellPath = /bin/sh;
			shellScript = "diff \"${PODS_PODFILE_DIR_PATH}/Podfile.lock\" \"${PODS_ROOT}/Manifest.lock\" > /dev/null\nif [ $? != 0 ] ; then\n    # print error to STDERR\n    echo \"error: The sandbox is not in sync with the Podfile.lock. Run 'pod install' or update your CocoaPods installation.\" >&2\n    exit 1\nfi\n# This output is used by Xcode 'outputs' to avoid re-running this script phase.\necho \"SUCCESS\" > \"${SCRIPT_OUTPUT_FILE_0}\"\n";
			showEnvVarsInLog = 0;
		};
/* End PBXShellScriptBuildPhase section */

/* Begin PBXSourcesBuildPhase section */
		6BBE5B99229D9A77006A56D8 /* Sources */ = {
			isa = PBXSourcesBuildPhase;
			buildActionMask = 2147483647;
			files = (
				6BEC780822FE86F3007AE58B /* ExpViewable.swift in Sources */,
				6B4989A522A6B85B00F47A5E /* MatrixViews.swift in Sources */,
				6B2F5C27229E64DC00A634B3 /* ExpView.swift in Sources */,
				92DBA8CF23E91334001C95FF /* HelpView.swift in Sources */,
				6BBE5BA3229D9A77006A56D8 /* ViewController.swift in Sources */,
				925F4F7723E85FE6009E6ED6 /* About.swift in Sources */,
				6BFE54CB22F4A0E800476825 /* MathScrollView.swift in Sources */,
				6BBE5BA1229D9A77006A56D8 /* AppDelegate.swift in Sources */,
				929FAC6123EABCCD004192D2 /* HandwiringTooltip.swift in Sources */,
				9266034223E939660002DE1C /* HelpPageVC.swift in Sources */,
				924E3D142401117F0069B54D /* Store.swift in Sources */,
				6B49898122A2FFB000F47A5E /* LatexView.swift in Sources */,
				926E12CC23E6D63D007A23C7 /* PaddedLatexView.swift in Sources */,
				6B2F5C2F229E939500A634B3 /* ApplyTableVC.swift in Sources */,
				6B39EC1E22C0BC3F001B25AB /* ResizePreview.swift in Sources */,
				6B83576A22EDEA8B003C6C48 /* ModelDataHandler.swift in Sources */,
				6BDC97C222F34D59009BD451 /* VarView.swift in Sources */,
			);
			runOnlyForDeploymentPostprocessing = 0;
		};
		6BBE5BAD229D9A77006A56D8 /* Sources */ = {
			isa = PBXSourcesBuildPhase;
			buildActionMask = 2147483647;
			files = (
				6BBE5BB6229D9A77006A56D8 /* mat4ipadTests.swift in Sources */,
			);
			runOnlyForDeploymentPostprocessing = 0;
		};
		6BBE5BB8229D9A77006A56D8 /* Sources */ = {
			isa = PBXSourcesBuildPhase;
			buildActionMask = 2147483647;
			files = (
				6BBE5BC1229D9A77006A56D8 /* mat4ipadUITests.swift in Sources */,
			);
			runOnlyForDeploymentPostprocessing = 0;
		};
/* End PBXSourcesBuildPhase section */

/* Begin PBXTargetDependency section */
		6BBE5BB3229D9A77006A56D8 /* PBXTargetDependency */ = {
			isa = PBXTargetDependency;
			target = 6BBE5B9C229D9A77006A56D8 /* mat4ipad */;
			targetProxy = 6BBE5BB2229D9A77006A56D8 /* PBXContainerItemProxy */;
		};
		6BBE5BBE229D9A77006A56D8 /* PBXTargetDependency */ = {
			isa = PBXTargetDependency;
			target = 6BBE5B9C229D9A77006A56D8 /* mat4ipad */;
			targetProxy = 6BBE5BBD229D9A77006A56D8 /* PBXContainerItemProxy */;
		};
/* End PBXTargetDependency section */

/* Begin PBXVariantGroup section */
		6BBE5BA4229D9A77006A56D8 /* Main.storyboard */ = {
			isa = PBXVariantGroup;
			children = (
				6BBE5BA5229D9A77006A56D8 /* Base */,
			);
			name = Main.storyboard;
			sourceTree = "<group>";
		};
		6BBE5BA9229D9A77006A56D8 /* LaunchScreen.storyboard */ = {
			isa = PBXVariantGroup;
			children = (
				6BBE5BAA229D9A77006A56D8 /* Base */,
			);
			name = LaunchScreen.storyboard;
			sourceTree = "<group>";
		};
/* End PBXVariantGroup section */

/* Begin XCBuildConfiguration section */
		6BBE5BC3229D9A77006A56D8 /* Debug */ = {
			isa = XCBuildConfiguration;
			buildSettings = {
				ALWAYS_SEARCH_USER_PATHS = NO;
				CLANG_ANALYZER_NONNULL = YES;
				CLANG_ANALYZER_NUMBER_OBJECT_CONVERSION = YES_AGGRESSIVE;
				CLANG_CXX_LANGUAGE_STANDARD = "gnu++14";
				CLANG_CXX_LIBRARY = "libc++";
				CLANG_ENABLE_MODULES = YES;
				CLANG_ENABLE_OBJC_ARC = YES;
				CLANG_ENABLE_OBJC_WEAK = YES;
				CLANG_WARN_BLOCK_CAPTURE_AUTORELEASING = YES;
				CLANG_WARN_BOOL_CONVERSION = YES;
				CLANG_WARN_COMMA = YES;
				CLANG_WARN_CONSTANT_CONVERSION = YES;
				CLANG_WARN_DEPRECATED_OBJC_IMPLEMENTATIONS = YES;
				CLANG_WARN_DIRECT_OBJC_ISA_USAGE = YES_ERROR;
				CLANG_WARN_DOCUMENTATION_COMMENTS = YES;
				CLANG_WARN_EMPTY_BODY = YES;
				CLANG_WARN_ENUM_CONVERSION = YES;
				CLANG_WARN_INFINITE_RECURSION = YES;
				CLANG_WARN_INT_CONVERSION = YES;
				CLANG_WARN_NON_LITERAL_NULL_CONVERSION = YES;
				CLANG_WARN_OBJC_IMPLICIT_RETAIN_SELF = YES;
				CLANG_WARN_OBJC_LITERAL_CONVERSION = YES;
				CLANG_WARN_OBJC_ROOT_CLASS = YES_ERROR;
				CLANG_WARN_RANGE_LOOP_ANALYSIS = YES;
				CLANG_WARN_STRICT_PROTOTYPES = YES;
				CLANG_WARN_SUSPICIOUS_MOVE = YES;
				CLANG_WARN_UNGUARDED_AVAILABILITY = YES_AGGRESSIVE;
				CLANG_WARN_UNREACHABLE_CODE = YES;
				CLANG_WARN__DUPLICATE_METHOD_MATCH = YES;
				CODE_SIGN_IDENTITY = "iPhone Developer";
				COPY_PHASE_STRIP = NO;
				DEBUG_INFORMATION_FORMAT = dwarf;
				ENABLE_STRICT_OBJC_MSGSEND = YES;
				ENABLE_TESTABILITY = YES;
				GCC_C_LANGUAGE_STANDARD = gnu11;
				GCC_DYNAMIC_NO_PIC = NO;
				GCC_NO_COMMON_BLOCKS = YES;
				GCC_OPTIMIZATION_LEVEL = 0;
				GCC_PREPROCESSOR_DEFINITIONS = (
					"DEBUG=1",
					"$(inherited)",
				);
				GCC_WARN_64_TO_32_BIT_CONVERSION = YES;
				GCC_WARN_ABOUT_RETURN_TYPE = YES_ERROR;
				GCC_WARN_UNDECLARED_SELECTOR = YES;
				GCC_WARN_UNINITIALIZED_AUTOS = YES_AGGRESSIVE;
				GCC_WARN_UNUSED_FUNCTION = YES;
				GCC_WARN_UNUSED_VARIABLE = YES;
				IPHONEOS_DEPLOYMENT_TARGET = 13.1;
				MTL_ENABLE_DEBUG_INFO = INCLUDE_SOURCE;
				MTL_FAST_MATH = YES;
				ONLY_ACTIVE_ARCH = YES;
				SDKROOT = iphoneos;
				SWIFT_ACTIVE_COMPILATION_CONDITIONS = DEBUG;
				SWIFT_OPTIMIZATION_LEVEL = "-Onone";
			};
			name = Debug;
		};
		6BBE5BC4229D9A77006A56D8 /* Release */ = {
			isa = XCBuildConfiguration;
			buildSettings = {
				ALWAYS_SEARCH_USER_PATHS = NO;
				CLANG_ANALYZER_NONNULL = YES;
				CLANG_ANALYZER_NUMBER_OBJECT_CONVERSION = YES_AGGRESSIVE;
				CLANG_CXX_LANGUAGE_STANDARD = "gnu++14";
				CLANG_CXX_LIBRARY = "libc++";
				CLANG_ENABLE_MODULES = YES;
				CLANG_ENABLE_OBJC_ARC = YES;
				CLANG_ENABLE_OBJC_WEAK = YES;
				CLANG_WARN_BLOCK_CAPTURE_AUTORELEASING = YES;
				CLANG_WARN_BOOL_CONVERSION = YES;
				CLANG_WARN_COMMA = YES;
				CLANG_WARN_CONSTANT_CONVERSION = YES;
				CLANG_WARN_DEPRECATED_OBJC_IMPLEMENTATIONS = YES;
				CLANG_WARN_DIRECT_OBJC_ISA_USAGE = YES_ERROR;
				CLANG_WARN_DOCUMENTATION_COMMENTS = YES;
				CLANG_WARN_EMPTY_BODY = YES;
				CLANG_WARN_ENUM_CONVERSION = YES;
				CLANG_WARN_INFINITE_RECURSION = YES;
				CLANG_WARN_INT_CONVERSION = YES;
				CLANG_WARN_NON_LITERAL_NULL_CONVERSION = YES;
				CLANG_WARN_OBJC_IMPLICIT_RETAIN_SELF = YES;
				CLANG_WARN_OBJC_LITERAL_CONVERSION = YES;
				CLANG_WARN_OBJC_ROOT_CLASS = YES_ERROR;
				CLANG_WARN_RANGE_LOOP_ANALYSIS = YES;
				CLANG_WARN_STRICT_PROTOTYPES = YES;
				CLANG_WARN_SUSPICIOUS_MOVE = YES;
				CLANG_WARN_UNGUARDED_AVAILABILITY = YES_AGGRESSIVE;
				CLANG_WARN_UNREACHABLE_CODE = YES;
				CLANG_WARN__DUPLICATE_METHOD_MATCH = YES;
				CODE_SIGN_IDENTITY = "iPhone Developer";
				COPY_PHASE_STRIP = NO;
				DEBUG_INFORMATION_FORMAT = "dwarf-with-dsym";
				ENABLE_NS_ASSERTIONS = NO;
				ENABLE_STRICT_OBJC_MSGSEND = YES;
				GCC_C_LANGUAGE_STANDARD = gnu11;
				GCC_NO_COMMON_BLOCKS = YES;
				GCC_WARN_64_TO_32_BIT_CONVERSION = YES;
				GCC_WARN_ABOUT_RETURN_TYPE = YES_ERROR;
				GCC_WARN_UNDECLARED_SELECTOR = YES;
				GCC_WARN_UNINITIALIZED_AUTOS = YES_AGGRESSIVE;
				GCC_WARN_UNUSED_FUNCTION = YES;
				GCC_WARN_UNUSED_VARIABLE = YES;
				IPHONEOS_DEPLOYMENT_TARGET = 13.1;
				MTL_ENABLE_DEBUG_INFO = NO;
				MTL_FAST_MATH = YES;
				SDKROOT = iphoneos;
				SWIFT_COMPILATION_MODE = wholemodule;
				SWIFT_OPTIMIZATION_LEVEL = "-O";
				VALIDATE_PRODUCT = YES;
			};
			name = Release;
		};
		6BBE5BC6229D9A77006A56D8 /* Debug */ = {
			isa = XCBuildConfiguration;
			baseConfigurationReference = FBB48FC5F417416D6BF0F102 /* Pods-mat4ipad.debug.xcconfig */;
			buildSettings = {
				ASSETCATALOG_COMPILER_APPICON_NAME = AppIcon;
				CODE_SIGN_STYLE = Automatic;
				CURRENT_PROJECT_VERSION = 1.3.0;
				DEVELOPMENT_TEAM = 77Y25UN242;
				INFOPLIST_FILE = mat4ipad/Info.plist;
				IPHONEOS_DEPLOYMENT_TARGET = 13.2;
				LD_RUNPATH_SEARCH_PATHS = (
					"$(inherited)",
					"@executable_path/Frameworks",
				);
				MARKETING_VERSION = 1.3.0;
				PRODUCT_BUNDLE_IDENTIFIER = com.ingun37.algebra;
				PRODUCT_NAME = "Expressive Matrix Calculator";
				SWIFT_VERSION = 5.0;
				TARGETED_DEVICE_FAMILY = 2;
			};
			name = Debug;
		};
		6BBE5BC7229D9A77006A56D8 /* Release */ = {
			isa = XCBuildConfiguration;
			baseConfigurationReference = B41F4B3CD988DD2058B939AA /* Pods-mat4ipad.release.xcconfig */;
			buildSettings = {
				ASSETCATALOG_COMPILER_APPICON_NAME = AppIcon;
				CODE_SIGN_STYLE = Automatic;
				CURRENT_PROJECT_VERSION = 1.3.0;
				DEVELOPMENT_TEAM = 77Y25UN242;
				INFOPLIST_FILE = mat4ipad/Info.plist;
				IPHONEOS_DEPLOYMENT_TARGET = 13.2;
				LD_RUNPATH_SEARCH_PATHS = (
					"$(inherited)",
					"@executable_path/Frameworks",
				);
				MARKETING_VERSION = 1.3.0;
				PRODUCT_BUNDLE_IDENTIFIER = com.ingun37.algebra;
				PRODUCT_NAME = "Expressive Matrix Calculator";
				SWIFT_VERSION = 5.0;
				TARGETED_DEVICE_FAMILY = 2;
			};
			name = Release;
		};
		6BBE5BC9229D9A77006A56D8 /* Debug */ = {
			isa = XCBuildConfiguration;
			baseConfigurationReference = 088EE4861E82F28AFFFFA4C6 /* Pods-mat4ipadTests.debug.xcconfig */;
			buildSettings = {
				ALWAYS_EMBED_SWIFT_STANDARD_LIBRARIES = YES;
				BUNDLE_LOADER = "$(TEST_HOST)";
				CODE_SIGN_STYLE = Automatic;
				INFOPLIST_FILE = mat4ipadTests/Info.plist;
				LD_RUNPATH_SEARCH_PATHS = (
					"$(inherited)",
					"@executable_path/Frameworks",
					"@loader_path/Frameworks",
				);
				PRODUCT_BUNDLE_IDENTIFIER = ingun37.mat4ipadTests;
				PRODUCT_NAME = "$(TARGET_NAME)";
				SWIFT_VERSION = 5.0;
				TARGETED_DEVICE_FAMILY = "1,2";
				TEST_HOST = "$(BUILT_PRODUCTS_DIR)/mat4ipad.app/mat4ipad";
			};
			name = Debug;
		};
		6BBE5BCA229D9A77006A56D8 /* Release */ = {
			isa = XCBuildConfiguration;
			baseConfigurationReference = 3EA47F067355FCA462DE0329 /* Pods-mat4ipadTests.release.xcconfig */;
			buildSettings = {
				ALWAYS_EMBED_SWIFT_STANDARD_LIBRARIES = YES;
				BUNDLE_LOADER = "$(TEST_HOST)";
				CODE_SIGN_STYLE = Automatic;
				INFOPLIST_FILE = mat4ipadTests/Info.plist;
				LD_RUNPATH_SEARCH_PATHS = (
					"$(inherited)",
					"@executable_path/Frameworks",
					"@loader_path/Frameworks",
				);
				PRODUCT_BUNDLE_IDENTIFIER = ingun37.mat4ipadTests;
				PRODUCT_NAME = "$(TARGET_NAME)";
				SWIFT_VERSION = 5.0;
				TARGETED_DEVICE_FAMILY = "1,2";
				TEST_HOST = "$(BUILT_PRODUCTS_DIR)/mat4ipad.app/mat4ipad";
			};
			name = Release;
		};
		6BBE5BCC229D9A77006A56D8 /* Debug */ = {
			isa = XCBuildConfiguration;
			baseConfigurationReference = DC2D3D3B3EBA5A0D265670A4 /* Pods-mat4ipadUITests.debug.xcconfig */;
			buildSettings = {
				ALWAYS_EMBED_SWIFT_STANDARD_LIBRARIES = YES;
				CODE_SIGN_STYLE = Automatic;
				INFOPLIST_FILE = mat4ipadUITests/Info.plist;
				LD_RUNPATH_SEARCH_PATHS = (
					"$(inherited)",
					"@executable_path/Frameworks",
					"@loader_path/Frameworks",
				);
				PRODUCT_BUNDLE_IDENTIFIER = ingun37.mat4ipadUITests;
				PRODUCT_NAME = "$(TARGET_NAME)";
				SWIFT_VERSION = 5.0;
				TARGETED_DEVICE_FAMILY = "1,2";
				TEST_TARGET_NAME = mat4ipad;
			};
			name = Debug;
		};
		6BBE5BCD229D9A77006A56D8 /* Release */ = {
			isa = XCBuildConfiguration;
			baseConfigurationReference = 6F24F6C796DEEA6B97B096B5 /* Pods-mat4ipadUITests.release.xcconfig */;
			buildSettings = {
				ALWAYS_EMBED_SWIFT_STANDARD_LIBRARIES = YES;
				CODE_SIGN_STYLE = Automatic;
				INFOPLIST_FILE = mat4ipadUITests/Info.plist;
				LD_RUNPATH_SEARCH_PATHS = (
					"$(inherited)",
					"@executable_path/Frameworks",
					"@loader_path/Frameworks",
				);
				PRODUCT_BUNDLE_IDENTIFIER = ingun37.mat4ipadUITests;
				PRODUCT_NAME = "$(TARGET_NAME)";
				SWIFT_VERSION = 5.0;
				TARGETED_DEVICE_FAMILY = "1,2";
				TEST_TARGET_NAME = mat4ipad;
			};
			name = Release;
		};
/* End XCBuildConfiguration section */

/* Begin XCConfigurationList section */
		6BBE5B98229D9A77006A56D8 /* Build configuration list for PBXProject "mat4ipad" */ = {
			isa = XCConfigurationList;
			buildConfigurations = (
				6BBE5BC3229D9A77006A56D8 /* Debug */,
				6BBE5BC4229D9A77006A56D8 /* Release */,
			);
			defaultConfigurationIsVisible = 0;
			defaultConfigurationName = Release;
		};
		6BBE5BC5229D9A77006A56D8 /* Build configuration list for PBXNativeTarget "mat4ipad" */ = {
			isa = XCConfigurationList;
			buildConfigurations = (
				6BBE5BC6229D9A77006A56D8 /* Debug */,
				6BBE5BC7229D9A77006A56D8 /* Release */,
			);
			defaultConfigurationIsVisible = 0;
			defaultConfigurationName = Release;
		};
		6BBE5BC8229D9A77006A56D8 /* Build configuration list for PBXNativeTarget "mat4ipadTests" */ = {
			isa = XCConfigurationList;
			buildConfigurations = (
				6BBE5BC9229D9A77006A56D8 /* Debug */,
				6BBE5BCA229D9A77006A56D8 /* Release */,
			);
			defaultConfigurationIsVisible = 0;
			defaultConfigurationName = Release;
		};
		6BBE5BCB229D9A77006A56D8 /* Build configuration list for PBXNativeTarget "mat4ipadUITests" */ = {
			isa = XCConfigurationList;
			buildConfigurations = (
				6BBE5BCC229D9A77006A56D8 /* Debug */,
				6BBE5BCD229D9A77006A56D8 /* Release */,
			);
			defaultConfigurationIsVisible = 0;
			defaultConfigurationName = Release;
		};
/* End XCConfigurationList section */

/* Begin XCRemoteSwiftPackageReference section */
		9202DCF923F5B81300A9F6FD /* XCRemoteSwiftPackageReference "SwiftGraph" */ = {
			isa = XCRemoteSwiftPackageReference;
			repositoryURL = "https://github.com/davecom/SwiftGraph";
			requirement = {
				kind = exactVersion;
				version = 3.0.0;
			};
		};
		924E3D102401116A0069B54D /* XCRemoteSwiftPackageReference "ReSwift" */ = {
			isa = XCRemoteSwiftPackageReference;
			repositoryURL = "https://github.com/ReSwift/ReSwift.git";
			requirement = {
				kind = upToNextMajorVersion;
				minimumVersion = 5.0.0;
			};
		};
		925E586D23EC116C0061F1A5 /* XCRemoteSwiftPackageReference "Regex" */ = {
			isa = XCRemoteSwiftPackageReference;
			repositoryURL = "https://github.com/crossroadlabs/Regex.git";
			requirement = {
				kind = exactVersion;
				version = 1.2.0;
			};
		};
		925F4F7323E80972009E6ED6 /* XCRemoteSwiftPackageReference "lexiFreeMonoid" */ = {
			isa = XCRemoteSwiftPackageReference;
			repositoryURL = "https://github.com/ingun37/lexiFreeMonoid.git";
			requirement = {
				kind = upToNextMajorVersion;
				minimumVersion = 1.1.0;
			};
		};
		92D37B3723E6777500393C50 /* XCRemoteSwiftPackageReference "ExpressiveAlgebra" */ = {
			isa = XCRemoteSwiftPackageReference;
			repositoryURL = "https://github.com/ingun37/ExpressiveAlgebra.git";
			requirement = {
				kind = upToNextMajorVersion;
				minimumVersion = 1.0.0;
			};
		};
/* End XCRemoteSwiftPackageReference section */

/* Begin XCSwiftPackageProductDependency section */
		9202DCFA23F5B81300A9F6FD /* SwiftGraph */ = {
			isa = XCSwiftPackageProductDependency;
			package = 9202DCF923F5B81300A9F6FD /* XCRemoteSwiftPackageReference "SwiftGraph" */;
			productName = SwiftGraph;
		};
		924E3D112401116A0069B54D /* ReSwift */ = {
			isa = XCSwiftPackageProductDependency;
			package = 924E3D102401116A0069B54D /* XCRemoteSwiftPackageReference "ReSwift" */;
			productName = ReSwift;
		};
		925E586E23EC116C0061F1A5 /* Regex */ = {
			isa = XCSwiftPackageProductDependency;
			package = 925E586D23EC116C0061F1A5 /* XCRemoteSwiftPackageReference "Regex" */;
			productName = Regex;
		};
		925F4F7423E80972009E6ED6 /* lexiFreeMonoid */ = {
			isa = XCSwiftPackageProductDependency;
			package = 925F4F7323E80972009E6ED6 /* XCRemoteSwiftPackageReference "lexiFreeMonoid" */;
			productName = lexiFreeMonoid;
		};
		92D37B3823E6777500393C50 /* ExpressiveAlgebra */ = {
			isa = XCSwiftPackageProductDependency;
			package = 92D37B3723E6777500393C50 /* XCRemoteSwiftPackageReference "ExpressiveAlgebra" */;
			productName = ExpressiveAlgebra;
		};
/* End XCSwiftPackageProductDependency section */
	};
	rootObject = 6BBE5B95229D9A77006A56D8 /* Project object */;
}
